<?xml version="1.0" encoding="UTF-8"?>
<!DOCTYPE plist PUBLIC "-//Apple//DTD PLIST 1.0//EN" "http://www.apple.com/DTDs/PropertyList-1.0.dtd">
<plist version="1.0">
<dict>
	<key>archiveVersion</key>
	<string>1</string>
	<key>classes</key>
	<dict/>
	<key>objectVersion</key>
	<string>46</string>
	<key>objects</key>
	<dict>
		<key>16AD553E8C9A42D9B189B1C5</key>
		<dict>
			<key>buildActionMask</key>
			<string>2147483647</string>
			<key>files</key>
			<array/>
			<key>inputPaths</key>
			<array/>
			<key>isa</key>
			<string>PBXShellScriptBuildPhase</string>
			<key>name</key>
			<string>Copy Pods Resources</string>
			<key>outputPaths</key>
			<array/>
			<key>runOnlyForDeploymentPostprocessing</key>
			<string>0</string>
			<key>shellPath</key>
			<string>/bin/sh</string>
			<key>shellScript</key>
			<string>"${SRCROOT}/Pods/Pods-resources.sh"
</string>
			<key>showEnvVarsInLog</key>
			<string>0</string>
		</dict>
		<key>179A96B017F23DD6003FDC64</key>
		<dict>
			<key>children</key>
			<array>
				<string>179A96C217F23DD6003FDC64</string>
				<string>179A96E417F23DD7003FDC64</string>
				<string>179A96BB17F23DD6003FDC64</string>
				<string>179A96BA17F23DD6003FDC64</string>
				<string>290E48FB1F7047C7B9ABA920</string>
			</array>
			<key>isa</key>
			<string>PBXGroup</string>
			<key>sourceTree</key>
			<string>&lt;group&gt;</string>
		</dict>
		<key>179A96B117F23DD6003FDC64</key>
		<dict>
			<key>attributes</key>
			<dict>
				<key>LastUpgradeCheck</key>
				<string>0500</string>
				<key>ORGANIZATIONNAME</key>
				<string>ldomaradzki</string>
				<key>TargetAttributes</key>
				<dict>
					<key>179A96DC17F23DD7003FDC64</key>
					<dict>
						<key>TestTargetID</key>
						<string>179A96B817F23DD6003FDC64</string>
					</dict>
				</dict>
			</dict>
			<key>buildConfigurationList</key>
			<string>179A96B417F23DD6003FDC64</string>
			<key>compatibilityVersion</key>
			<string>Xcode 3.2</string>
			<key>developmentRegion</key>
			<string>English</string>
			<key>hasScannedForEncodings</key>
			<string>0</string>
			<key>isa</key>
			<string>PBXProject</string>
			<key>knownRegions</key>
			<array>
				<string>en</string>
				<string>Base</string>
			</array>
			<key>mainGroup</key>
			<string>179A96B017F23DD6003FDC64</string>
			<key>productRefGroup</key>
			<string>179A96BA17F23DD6003FDC64</string>
			<key>projectDirPath</key>
			<string></string>
			<key>projectReferences</key>
			<array/>
			<key>projectRoot</key>
			<string></string>
			<key>targets</key>
			<array>
				<string>179A96B817F23DD6003FDC64</string>
				<string>179A96DC17F23DD7003FDC64</string>
			</array>
		</dict>
		<key>179A96B417F23DD6003FDC64</key>
		<dict>
			<key>buildConfigurations</key>
			<array>
				<string>179A96EC17F23DD7003FDC64</string>
				<string>179A96ED17F23DD7003FDC64</string>
			</array>
			<key>defaultConfigurationIsVisible</key>
			<string>0</string>
			<key>defaultConfigurationName</key>
			<string>Release</string>
			<key>isa</key>
			<string>XCConfigurationList</string>
		</dict>
		<key>179A96B517F23DD6003FDC64</key>
		<dict>
			<key>buildActionMask</key>
			<string>2147483647</string>
			<key>files</key>
			<array>
				<string>179A96CD17F23DD6003FDC64</string>
				<string>179A96C917F23DD6003FDC64</string>
				<string>179A96FA17F23E8A003FDC64</string>
			</array>
			<key>isa</key>
			<string>PBXSourcesBuildPhase</string>
			<key>runOnlyForDeploymentPostprocessing</key>
			<string>0</string>
		</dict>
		<key>179A96B617F23DD6003FDC64</key>
		<dict>
			<key>buildActionMask</key>
			<string>2147483647</string>
			<key>files</key>
			<array>
				<string>179A96FF17F24042003FDC64</string>
				<string>179A96BF17F23DD6003FDC64</string>
				<string>179A96C117F23DD6003FDC64</string>
				<string>179A96BD17F23DD6003FDC64</string>
				<string>A61A266AAC334DA58E32A2AC</string>
			</array>
			<key>isa</key>
			<string>PBXFrameworksBuildPhase</string>
			<key>runOnlyForDeploymentPostprocessing</key>
			<string>0</string>
		</dict>
		<key>179A96B717F23DD6003FDC64</key>
		<dict>
			<key>buildActionMask</key>
			<string>2147483647</string>
			<key>files</key>
			<array>
				<string>179A96D317F23DD6003FDC64</string>
				<string>179A96FD17F23F3F003FDC64</string>
				<string>179A96D817F23DD6003FDC64</string>
				<string>179A96D017F23DD6003FDC64</string>
				<string>179A96FB17F23E8A003FDC64</string>
				<string>179A96C717F23DD6003FDC64</string>
			</array>
			<key>isa</key>
			<string>PBXResourcesBuildPhase</string>
			<key>runOnlyForDeploymentPostprocessing</key>
			<string>0</string>
		</dict>
		<key>179A96B817F23DD6003FDC64</key>
		<dict>
			<key>buildConfigurationList</key>
			<string>179A96EE17F23DD7003FDC64</string>
			<key>buildPhases</key>
			<array>
				<string>AEC7DD76C7DF4A49917DE4BD</string>
				<string>179A96B517F23DD6003FDC64</string>
				<string>179A96B617F23DD6003FDC64</string>
				<string>179A96B717F23DD6003FDC64</string>
				<string>16AD553E8C9A42D9B189B1C5</string>
			</array>
			<key>buildRules</key>
			<array/>
			<key>dependencies</key>
			<array/>
			<key>isa</key>
			<string>PBXNativeTarget</string>
			<key>name</key>
			<string>Lokomapa</string>
			<key>productName</key>
			<string>Lokomapa</string>
			<key>productReference</key>
			<string>179A96B917F23DD6003FDC64</string>
			<key>productType</key>
			<string>com.apple.product-type.application</string>
		</dict>
		<key>179A96B917F23DD6003FDC64</key>
		<dict>
			<key>explicitFileType</key>
			<string>wrapper.application</string>
			<key>includeInIndex</key>
			<string>0</string>
			<key>isa</key>
			<string>PBXFileReference</string>
			<key>path</key>
			<string>Lokomapa.app</string>
			<key>sourceTree</key>
			<string>BUILT_PRODUCTS_DIR</string>
		</dict>
		<key>179A96BA17F23DD6003FDC64</key>
		<dict>
			<key>children</key>
			<array>
				<string>179A96B917F23DD6003FDC64</string>
				<string>179A96DD17F23DD7003FDC64</string>
			</array>
			<key>isa</key>
			<string>PBXGroup</string>
			<key>name</key>
			<string>Products</string>
			<key>sourceTree</key>
			<string>&lt;group&gt;</string>
		</dict>
		<key>179A96BB17F23DD6003FDC64</key>
		<dict>
			<key>children</key>
			<array>
				<string>179A96FE17F24042003FDC64</string>
				<string>179A96BC17F23DD6003FDC64</string>
				<string>179A96BE17F23DD6003FDC64</string>
				<string>179A96C017F23DD6003FDC64</string>
				<string>179A96DE17F23DD7003FDC64</string>
				<string>C57C5ADA7720400D8FDDF8AE</string>
			</array>
			<key>isa</key>
			<string>PBXGroup</string>
			<key>name</key>
			<string>Frameworks</string>
			<key>sourceTree</key>
			<string>&lt;group&gt;</string>
		</dict>
		<key>179A96BC17F23DD6003FDC64</key>
		<dict>
			<key>isa</key>
			<string>PBXFileReference</string>
			<key>lastKnownFileType</key>
			<string>wrapper.framework</string>
			<key>name</key>
			<string>Foundation.framework</string>
			<key>path</key>
			<string>System/Library/Frameworks/Foundation.framework</string>
			<key>sourceTree</key>
			<string>SDKROOT</string>
		</dict>
		<key>179A96BD17F23DD6003FDC64</key>
		<dict>
			<key>fileRef</key>
			<string>179A96BC17F23DD6003FDC64</string>
			<key>isa</key>
			<string>PBXBuildFile</string>
		</dict>
		<key>179A96BE17F23DD6003FDC64</key>
		<dict>
			<key>isa</key>
			<string>PBXFileReference</string>
			<key>lastKnownFileType</key>
			<string>wrapper.framework</string>
			<key>name</key>
			<string>CoreGraphics.framework</string>
			<key>path</key>
			<string>System/Library/Frameworks/CoreGraphics.framework</string>
			<key>sourceTree</key>
			<string>SDKROOT</string>
		</dict>
		<key>179A96BF17F23DD6003FDC64</key>
		<dict>
			<key>fileRef</key>
			<string>179A96BE17F23DD6003FDC64</string>
			<key>isa</key>
			<string>PBXBuildFile</string>
		</dict>
		<key>179A96C017F23DD6003FDC64</key>
		<dict>
			<key>isa</key>
			<string>PBXFileReference</string>
			<key>lastKnownFileType</key>
			<string>wrapper.framework</string>
			<key>name</key>
			<string>UIKit.framework</string>
			<key>path</key>
			<string>System/Library/Frameworks/UIKit.framework</string>
			<key>sourceTree</key>
			<string>SDKROOT</string>
		</dict>
		<key>179A96C117F23DD6003FDC64</key>
		<dict>
			<key>fileRef</key>
			<string>179A96C017F23DD6003FDC64</string>
			<key>isa</key>
			<string>PBXBuildFile</string>
		</dict>
		<key>179A96C217F23DD6003FDC64</key>
		<dict>
			<key>children</key>
			<array>
				<string>179A96F417F23E09003FDC64</string>
				<string>179A96CE17F23DD6003FDC64</string>
				<string>179A96D117F23DD6003FDC64</string>
				<string>179A96D717F23DD6003FDC64</string>
				<string>179A96C317F23DD6003FDC64</string>
			</array>
			<key>isa</key>
			<string>PBXGroup</string>
			<key>path</key>
			<string>Lokomapa</string>
			<key>sourceTree</key>
			<string>&lt;group&gt;</string>
		</dict>
		<key>179A96C317F23DD6003FDC64</key>
		<dict>
			<key>children</key>
			<array>
				<string>179A96C417F23DD6003FDC64</string>
				<string>179A96C517F23DD6003FDC64</string>
				<string>179A96C817F23DD6003FDC64</string>
				<string>179A96CA17F23DD6003FDC64</string>
			</array>
			<key>isa</key>
			<string>PBXGroup</string>
			<key>name</key>
			<string>Supporting Files</string>
			<key>sourceTree</key>
			<string>&lt;group&gt;</string>
		</dict>
		<key>179A96C417F23DD6003FDC64</key>
		<dict>
			<key>isa</key>
			<string>PBXFileReference</string>
			<key>lastKnownFileType</key>
			<string>text.plist.xml</string>
			<key>path</key>
			<string>Lokomapa-Info.plist</string>
			<key>sourceTree</key>
			<string>&lt;group&gt;</string>
		</dict>
		<key>179A96C517F23DD6003FDC64</key>
		<dict>
			<key>children</key>
			<array>
				<string>179A96C617F23DD6003FDC64</string>
			</array>
			<key>isa</key>
			<string>PBXVariantGroup</string>
			<key>name</key>
			<string>InfoPlist.strings</string>
			<key>sourceTree</key>
			<string>&lt;group&gt;</string>
		</dict>
		<key>179A96C617F23DD6003FDC64</key>
		<dict>
			<key>isa</key>
			<string>PBXFileReference</string>
			<key>lastKnownFileType</key>
			<string>text.plist.strings</string>
			<key>name</key>
			<string>en</string>
			<key>path</key>
			<string>en.lproj/InfoPlist.strings</string>
			<key>sourceTree</key>
			<string>&lt;group&gt;</string>
		</dict>
		<key>179A96C717F23DD6003FDC64</key>
		<dict>
			<key>fileRef</key>
			<string>179A96C517F23DD6003FDC64</string>
			<key>isa</key>
			<string>PBXBuildFile</string>
		</dict>
		<key>179A96C817F23DD6003FDC64</key>
		<dict>
			<key>isa</key>
			<string>PBXFileReference</string>
			<key>lastKnownFileType</key>
			<string>sourcecode.c.objc</string>
			<key>path</key>
			<string>main.m</string>
			<key>sourceTree</key>
			<string>&lt;group&gt;</string>
		</dict>
		<key>179A96C917F23DD6003FDC64</key>
		<dict>
			<key>fileRef</key>
			<string>179A96C817F23DD6003FDC64</string>
			<key>isa</key>
			<string>PBXBuildFile</string>
		</dict>
		<key>179A96CA17F23DD6003FDC64</key>
		<dict>
			<key>isa</key>
			<string>PBXFileReference</string>
			<key>lastKnownFileType</key>
			<string>sourcecode.c.h</string>
			<key>path</key>
			<string>Lokomapa-Prefix.pch</string>
			<key>sourceTree</key>
			<string>&lt;group&gt;</string>
		</dict>
		<key>179A96CB17F23DD6003FDC64</key>
		<dict>
			<key>isa</key>
			<string>PBXFileReference</string>
			<key>lastKnownFileType</key>
			<string>sourcecode.c.h</string>
			<key>path</key>
			<string>AppDelegate.h</string>
			<key>sourceTree</key>
			<string>&lt;group&gt;</string>
		</dict>
		<key>179A96CC17F23DD6003FDC64</key>
		<dict>
			<key>isa</key>
			<string>PBXFileReference</string>
			<key>lastKnownFileType</key>
			<string>sourcecode.c.objc</string>
			<key>path</key>
			<string>AppDelegate.m</string>
			<key>sourceTree</key>
			<string>&lt;group&gt;</string>
		</dict>
		<key>179A96CD17F23DD6003FDC64</key>
		<dict>
			<key>fileRef</key>
			<string>179A96CC17F23DD6003FDC64</string>
			<key>isa</key>
			<string>PBXBuildFile</string>
		</dict>
		<key>179A96CE17F23DD6003FDC64</key>
		<dict>
			<key>children</key>
			<array>
				<string>179A96CF17F23DD6003FDC64</string>
			</array>
			<key>isa</key>
			<string>PBXVariantGroup</string>
			<key>name</key>
			<string>Main_iPhone.storyboard</string>
			<key>sourceTree</key>
			<string>&lt;group&gt;</string>
		</dict>
		<key>179A96CF17F23DD6003FDC64</key>
		<dict>
			<key>isa</key>
			<string>PBXFileReference</string>
			<key>lastKnownFileType</key>
			<string>file.storyboard</string>
			<key>name</key>
			<string>Base</string>
			<key>path</key>
			<string>Base.lproj/Main_iPhone.storyboard</string>
			<key>sourceTree</key>
			<string>&lt;group&gt;</string>
		</dict>
		<key>179A96D017F23DD6003FDC64</key>
		<dict>
			<key>fileRef</key>
			<string>179A96CE17F23DD6003FDC64</string>
			<key>isa</key>
			<string>PBXBuildFile</string>
		</dict>
		<key>179A96D117F23DD6003FDC64</key>
		<dict>
			<key>children</key>
			<array>
				<string>179A96D217F23DD6003FDC64</string>
			</array>
			<key>isa</key>
			<string>PBXVariantGroup</string>
			<key>name</key>
			<string>Main_iPad.storyboard</string>
			<key>sourceTree</key>
			<string>&lt;group&gt;</string>
		</dict>
		<key>179A96D217F23DD6003FDC64</key>
		<dict>
			<key>isa</key>
			<string>PBXFileReference</string>
			<key>lastKnownFileType</key>
			<string>file.storyboard</string>
			<key>name</key>
			<string>Base</string>
			<key>path</key>
			<string>Base.lproj/Main_iPad.storyboard</string>
			<key>sourceTree</key>
			<string>&lt;group&gt;</string>
		</dict>
		<key>179A96D317F23DD6003FDC64</key>
		<dict>
			<key>fileRef</key>
			<string>179A96D117F23DD6003FDC64</string>
			<key>isa</key>
			<string>PBXBuildFile</string>
		</dict>
		<key>179A96D717F23DD6003FDC64</key>
		<dict>
			<key>isa</key>
			<string>PBXFileReference</string>
			<key>lastKnownFileType</key>
			<string>folder.assetcatalog</string>
			<key>path</key>
			<string>Images.xcassets</string>
			<key>sourceTree</key>
			<string>&lt;group&gt;</string>
		</dict>
		<key>179A96D817F23DD6003FDC64</key>
		<dict>
			<key>fileRef</key>
			<string>179A96D717F23DD6003FDC64</string>
			<key>isa</key>
			<string>PBXBuildFile</string>
		</dict>
		<key>179A96D917F23DD7003FDC64</key>
		<dict>
			<key>buildActionMask</key>
			<string>2147483647</string>
			<key>files</key>
			<array>
				<string>179A96EB17F23DD7003FDC64</string>
			</array>
			<key>isa</key>
			<string>PBXSourcesBuildPhase</string>
			<key>runOnlyForDeploymentPostprocessing</key>
			<string>0</string>
		</dict>
		<key>179A96DA17F23DD7003FDC64</key>
		<dict>
			<key>buildActionMask</key>
			<string>2147483647</string>
			<key>files</key>
			<array>
				<string>179A96DF17F23DD7003FDC64</string>
				<string>179A96E117F23DD7003FDC64</string>
				<string>179A96E017F23DD7003FDC64</string>
			</array>
			<key>isa</key>
			<string>PBXFrameworksBuildPhase</string>
			<key>runOnlyForDeploymentPostprocessing</key>
			<string>0</string>
		</dict>
		<key>179A96DB17F23DD7003FDC64</key>
		<dict>
			<key>buildActionMask</key>
			<string>2147483647</string>
			<key>files</key>
			<array>
				<string>179A96E917F23DD7003FDC64</string>
			</array>
			<key>isa</key>
			<string>PBXResourcesBuildPhase</string>
			<key>runOnlyForDeploymentPostprocessing</key>
			<string>0</string>
		</dict>
		<key>179A96DC17F23DD7003FDC64</key>
		<dict>
			<key>buildConfigurationList</key>
			<string>179A96F117F23DD7003FDC64</string>
			<key>buildPhases</key>
			<array>
				<string>179A96D917F23DD7003FDC64</string>
				<string>179A96DA17F23DD7003FDC64</string>
				<string>179A96DB17F23DD7003FDC64</string>
			</array>
			<key>buildRules</key>
			<array/>
			<key>dependencies</key>
			<array>
				<string>179A96E317F23DD7003FDC64</string>
			</array>
			<key>isa</key>
			<string>PBXNativeTarget</string>
			<key>name</key>
			<string>LokomapaTests</string>
			<key>productName</key>
			<string>LokomapaTests</string>
			<key>productReference</key>
			<string>179A96DD17F23DD7003FDC64</string>
			<key>productType</key>
			<string>com.apple.product-type.bundle.unit-test</string>
		</dict>
		<key>179A96DD17F23DD7003FDC64</key>
		<dict>
			<key>explicitFileType</key>
			<string>wrapper.cfbundle</string>
			<key>includeInIndex</key>
			<string>0</string>
			<key>isa</key>
			<string>PBXFileReference</string>
			<key>path</key>
			<string>LokomapaTests.xctest</string>
			<key>sourceTree</key>
			<string>BUILT_PRODUCTS_DIR</string>
		</dict>
		<key>179A96DE17F23DD7003FDC64</key>
		<dict>
			<key>isa</key>
			<string>PBXFileReference</string>
			<key>lastKnownFileType</key>
			<string>wrapper.framework</string>
			<key>name</key>
			<string>XCTest.framework</string>
			<key>path</key>
			<string>Library/Frameworks/XCTest.framework</string>
			<key>sourceTree</key>
			<string>DEVELOPER_DIR</string>
		</dict>
		<key>179A96DF17F23DD7003FDC64</key>
		<dict>
			<key>fileRef</key>
			<string>179A96DE17F23DD7003FDC64</string>
			<key>isa</key>
			<string>PBXBuildFile</string>
		</dict>
		<key>179A96E017F23DD7003FDC64</key>
		<dict>
			<key>fileRef</key>
			<string>179A96BC17F23DD6003FDC64</string>
			<key>isa</key>
			<string>PBXBuildFile</string>
		</dict>
		<key>179A96E117F23DD7003FDC64</key>
		<dict>
			<key>fileRef</key>
			<string>179A96C017F23DD6003FDC64</string>
			<key>isa</key>
			<string>PBXBuildFile</string>
		</dict>
		<key>179A96E217F23DD7003FDC64</key>
		<dict>
			<key>containerPortal</key>
			<string>179A96B117F23DD6003FDC64</string>
			<key>isa</key>
			<string>PBXContainerItemProxy</string>
			<key>proxyType</key>
			<string>1</string>
			<key>remoteGlobalIDString</key>
			<string>179A96B817F23DD6003FDC64</string>
			<key>remoteInfo</key>
			<string>Lokomapa</string>
		</dict>
		<key>179A96E317F23DD7003FDC64</key>
		<dict>
			<key>isa</key>
			<string>PBXTargetDependency</string>
			<key>target</key>
			<string>179A96B817F23DD6003FDC64</string>
			<key>targetProxy</key>
			<string>179A96E217F23DD7003FDC64</string>
		</dict>
		<key>179A96E417F23DD7003FDC64</key>
		<dict>
			<key>children</key>
			<array>
				<string>179A96EA17F23DD7003FDC64</string>
				<string>179A96E517F23DD7003FDC64</string>
			</array>
			<key>isa</key>
			<string>PBXGroup</string>
			<key>path</key>
			<string>LokomapaTests</string>
			<key>sourceTree</key>
			<string>&lt;group&gt;</string>
		</dict>
		<key>179A96E517F23DD7003FDC64</key>
		<dict>
			<key>children</key>
			<array>
				<string>179A96E617F23DD7003FDC64</string>
				<string>179A96E717F23DD7003FDC64</string>
			</array>
			<key>isa</key>
			<string>PBXGroup</string>
			<key>name</key>
			<string>Supporting Files</string>
			<key>sourceTree</key>
			<string>&lt;group&gt;</string>
		</dict>
		<key>179A96E617F23DD7003FDC64</key>
		<dict>
			<key>isa</key>
			<string>PBXFileReference</string>
			<key>lastKnownFileType</key>
			<string>text.plist.xml</string>
			<key>path</key>
			<string>LokomapaTests-Info.plist</string>
			<key>sourceTree</key>
			<string>&lt;group&gt;</string>
		</dict>
		<key>179A96E717F23DD7003FDC64</key>
		<dict>
			<key>children</key>
			<array>
				<string>179A96E817F23DD7003FDC64</string>
			</array>
			<key>isa</key>
			<string>PBXVariantGroup</string>
			<key>name</key>
			<string>InfoPlist.strings</string>
			<key>sourceTree</key>
			<string>&lt;group&gt;</string>
		</dict>
		<key>179A96E817F23DD7003FDC64</key>
		<dict>
			<key>isa</key>
			<string>PBXFileReference</string>
			<key>lastKnownFileType</key>
			<string>text.plist.strings</string>
			<key>name</key>
			<string>en</string>
			<key>path</key>
			<string>en.lproj/InfoPlist.strings</string>
			<key>sourceTree</key>
			<string>&lt;group&gt;</string>
		</dict>
		<key>179A96E917F23DD7003FDC64</key>
		<dict>
			<key>fileRef</key>
			<string>179A96E717F23DD7003FDC64</string>
			<key>isa</key>
			<string>PBXBuildFile</string>
		</dict>
		<key>179A96EA17F23DD7003FDC64</key>
		<dict>
			<key>isa</key>
			<string>PBXFileReference</string>
			<key>lastKnownFileType</key>
			<string>sourcecode.c.objc</string>
			<key>path</key>
			<string>LokomapaTests.m</string>
			<key>sourceTree</key>
			<string>&lt;group&gt;</string>
		</dict>
		<key>179A96EB17F23DD7003FDC64</key>
		<dict>
			<key>fileRef</key>
			<string>179A96EA17F23DD7003FDC64</string>
			<key>isa</key>
			<string>PBXBuildFile</string>
		</dict>
		<key>179A96EC17F23DD7003FDC64</key>
		<dict>
			<key>buildSettings</key>
			<dict>
				<key>ALWAYS_SEARCH_USER_PATHS</key>
				<string>NO</string>
				<key>ARCHS</key>
				<string>$(ARCHS_STANDARD_INCLUDING_64_BIT)</string>
				<key>CLANG_CXX_LANGUAGE_STANDARD</key>
				<string>gnu++0x</string>
				<key>CLANG_CXX_LIBRARY</key>
				<string>libc++</string>
				<key>CLANG_ENABLE_MODULES</key>
				<string>YES</string>
				<key>CLANG_ENABLE_OBJC_ARC</key>
				<string>YES</string>
				<key>CLANG_WARN_BOOL_CONVERSION</key>
				<string>YES</string>
				<key>CLANG_WARN_CONSTANT_CONVERSION</key>
				<string>YES</string>
				<key>CLANG_WARN_DIRECT_OBJC_ISA_USAGE</key>
				<string>YES_ERROR</string>
				<key>CLANG_WARN_EMPTY_BODY</key>
				<string>YES</string>
				<key>CLANG_WARN_ENUM_CONVERSION</key>
				<string>YES</string>
				<key>CLANG_WARN_INT_CONVERSION</key>
				<string>YES</string>
				<key>CLANG_WARN_OBJC_ROOT_CLASS</key>
				<string>YES_ERROR</string>
				<key>CLANG_WARN__DUPLICATE_METHOD_MATCH</key>
				<string>YES</string>
				<key>CODE_SIGN_IDENTITY[sdk=iphoneos*]</key>
				<string>iPhone Developer</string>
				<key>COPY_PHASE_STRIP</key>
				<string>NO</string>
				<key>GCC_C_LANGUAGE_STANDARD</key>
				<string>gnu99</string>
				<key>GCC_DYNAMIC_NO_PIC</key>
				<string>NO</string>
				<key>GCC_OPTIMIZATION_LEVEL</key>
				<string>0</string>
				<key>GCC_PREPROCESSOR_DEFINITIONS</key>
				<array>
					<string>DEBUG=1</string>
					<string>$(inherited)</string>
				</array>
				<key>GCC_SYMBOLS_PRIVATE_EXTERN</key>
				<string>NO</string>
				<key>GCC_WARN_64_TO_32_BIT_CONVERSION</key>
				<string>YES</string>
				<key>GCC_WARN_ABOUT_RETURN_TYPE</key>
				<string>YES_ERROR</string>
				<key>GCC_WARN_UNDECLARED_SELECTOR</key>
				<string>YES</string>
				<key>GCC_WARN_UNINITIALIZED_AUTOS</key>
				<string>YES</string>
				<key>GCC_WARN_UNUSED_FUNCTION</key>
				<string>YES</string>
				<key>GCC_WARN_UNUSED_VARIABLE</key>
				<string>YES</string>
				<key>IPHONEOS_DEPLOYMENT_TARGET</key>
				<string>7.0</string>
				<key>ONLY_ACTIVE_ARCH</key>
				<string>YES</string>
				<key>SDKROOT</key>
				<string>iphoneos</string>
				<key>TARGETED_DEVICE_FAMILY</key>
				<string>1,2</string>
			</dict>
			<key>isa</key>
			<string>XCBuildConfiguration</string>
			<key>name</key>
			<string>Debug</string>
		</dict>
		<key>179A96ED17F23DD7003FDC64</key>
		<dict>
			<key>buildSettings</key>
			<dict>
				<key>ALWAYS_SEARCH_USER_PATHS</key>
				<string>NO</string>
				<key>ARCHS</key>
				<string>$(ARCHS_STANDARD_INCLUDING_64_BIT)</string>
				<key>CLANG_CXX_LANGUAGE_STANDARD</key>
				<string>gnu++0x</string>
				<key>CLANG_CXX_LIBRARY</key>
				<string>libc++</string>
				<key>CLANG_ENABLE_MODULES</key>
				<string>YES</string>
				<key>CLANG_ENABLE_OBJC_ARC</key>
				<string>YES</string>
				<key>CLANG_WARN_BOOL_CONVERSION</key>
				<string>YES</string>
				<key>CLANG_WARN_CONSTANT_CONVERSION</key>
				<string>YES</string>
				<key>CLANG_WARN_DIRECT_OBJC_ISA_USAGE</key>
				<string>YES_ERROR</string>
				<key>CLANG_WARN_EMPTY_BODY</key>
				<string>YES</string>
				<key>CLANG_WARN_ENUM_CONVERSION</key>
				<string>YES</string>
				<key>CLANG_WARN_INT_CONVERSION</key>
				<string>YES</string>
				<key>CLANG_WARN_OBJC_ROOT_CLASS</key>
				<string>YES_ERROR</string>
				<key>CLANG_WARN__DUPLICATE_METHOD_MATCH</key>
				<string>YES</string>
				<key>CODE_SIGN_IDENTITY[sdk=iphoneos*]</key>
				<string>iPhone Developer</string>
				<key>COPY_PHASE_STRIP</key>
				<string>YES</string>
				<key>ENABLE_NS_ASSERTIONS</key>
				<string>NO</string>
				<key>GCC_C_LANGUAGE_STANDARD</key>
				<string>gnu99</string>
				<key>GCC_WARN_64_TO_32_BIT_CONVERSION</key>
				<string>YES</string>
				<key>GCC_WARN_ABOUT_RETURN_TYPE</key>
				<string>YES_ERROR</string>
				<key>GCC_WARN_UNDECLARED_SELECTOR</key>
				<string>YES</string>
				<key>GCC_WARN_UNINITIALIZED_AUTOS</key>
				<string>YES</string>
				<key>GCC_WARN_UNUSED_FUNCTION</key>
				<string>YES</string>
				<key>GCC_WARN_UNUSED_VARIABLE</key>
				<string>YES</string>
				<key>IPHONEOS_DEPLOYMENT_TARGET</key>
				<string>7.0</string>
				<key>SDKROOT</key>
				<string>iphoneos</string>
				<key>TARGETED_DEVICE_FAMILY</key>
				<string>1,2</string>
				<key>VALIDATE_PRODUCT</key>
				<string>YES</string>
			</dict>
			<key>isa</key>
			<string>XCBuildConfiguration</string>
			<key>name</key>
			<string>Release</string>
		</dict>
		<key>179A96EE17F23DD7003FDC64</key>
		<dict>
			<key>buildConfigurations</key>
			<array>
				<string>179A96EF17F23DD7003FDC64</string>
				<string>179A96F017F23DD7003FDC64</string>
			</array>
			<key>defaultConfigurationIsVisible</key>
			<string>0</string>
			<key>isa</key>
			<string>XCConfigurationList</string>
		</dict>
		<key>179A96EF17F23DD7003FDC64</key>
		<dict>
			<key>baseConfigurationReference</key>
			<string>290E48FB1F7047C7B9ABA920</string>
			<key>buildSettings</key>
			<dict>
				<key>ASSETCATALOG_COMPILER_APPICON_NAME</key>
				<string>AppIcon</string>
				<key>ASSETCATALOG_COMPILER_LAUNCHIMAGE_NAME</key>
				<string>LaunchImage</string>
				<key>GCC_PRECOMPILE_PREFIX_HEADER</key>
				<string>YES</string>
				<key>GCC_PREFIX_HEADER</key>
				<string>Lokomapa/Lokomapa-Prefix.pch</string>
				<key>INFOPLIST_FILE</key>
				<string>Lokomapa/Lokomapa-Info.plist</string>
				<key>PRODUCT_NAME</key>
				<string>$(TARGET_NAME)</string>
				<key>WRAPPER_EXTENSION</key>
				<string>app</string>
			</dict>
			<key>isa</key>
			<string>XCBuildConfiguration</string>
			<key>name</key>
			<string>Debug</string>
		</dict>
		<key>179A96F017F23DD7003FDC64</key>
		<dict>
			<key>baseConfigurationReference</key>
			<string>290E48FB1F7047C7B9ABA920</string>
			<key>buildSettings</key>
			<dict>
				<key>ASSETCATALOG_COMPILER_APPICON_NAME</key>
				<string>AppIcon</string>
				<key>ASSETCATALOG_COMPILER_LAUNCHIMAGE_NAME</key>
				<string>LaunchImage</string>
				<key>GCC_PRECOMPILE_PREFIX_HEADER</key>
				<string>YES</string>
				<key>GCC_PREFIX_HEADER</key>
				<string>Lokomapa/Lokomapa-Prefix.pch</string>
				<key>INFOPLIST_FILE</key>
				<string>Lokomapa/Lokomapa-Info.plist</string>
				<key>PRODUCT_NAME</key>
				<string>$(TARGET_NAME)</string>
				<key>WRAPPER_EXTENSION</key>
				<string>app</string>
			</dict>
			<key>isa</key>
			<string>XCBuildConfiguration</string>
			<key>name</key>
			<string>Release</string>
		</dict>
		<key>179A96F117F23DD7003FDC64</key>
		<dict>
			<key>buildConfigurations</key>
			<array>
				<string>179A96F217F23DD7003FDC64</string>
				<string>179A96F317F23DD7003FDC64</string>
			</array>
			<key>defaultConfigurationIsVisible</key>
			<string>0</string>
			<key>isa</key>
			<string>XCConfigurationList</string>
		</dict>
		<key>179A96F217F23DD7003FDC64</key>
		<dict>
			<key>buildSettings</key>
			<dict>
				<key>ARCHS</key>
				<string>$(ARCHS_STANDARD_INCLUDING_64_BIT)</string>
				<key>BUNDLE_LOADER</key>
				<string>$(BUILT_PRODUCTS_DIR)/Lokomapa.app/Lokomapa</string>
				<key>FRAMEWORK_SEARCH_PATHS</key>
				<array>
					<string>$(SDKROOT)/Developer/Library/Frameworks</string>
					<string>$(inherited)</string>
					<string>$(DEVELOPER_FRAMEWORKS_DIR)</string>
				</array>
				<key>GCC_PRECOMPILE_PREFIX_HEADER</key>
				<string>YES</string>
				<key>GCC_PREFIX_HEADER</key>
				<string>Lokomapa/Lokomapa-Prefix.pch</string>
				<key>GCC_PREPROCESSOR_DEFINITIONS</key>
				<array>
					<string>DEBUG=1</string>
					<string>$(inherited)</string>
				</array>
				<key>INFOPLIST_FILE</key>
				<string>LokomapaTests/LokomapaTests-Info.plist</string>
				<key>PRODUCT_NAME</key>
				<string>$(TARGET_NAME)</string>
				<key>TEST_HOST</key>
				<string>$(BUNDLE_LOADER)</string>
				<key>WRAPPER_EXTENSION</key>
				<string>xctest</string>
			</dict>
			<key>isa</key>
			<string>XCBuildConfiguration</string>
			<key>name</key>
			<string>Debug</string>
		</dict>
		<key>179A96F317F23DD7003FDC64</key>
		<dict>
			<key>buildSettings</key>
			<dict>
				<key>ARCHS</key>
				<string>$(ARCHS_STANDARD_INCLUDING_64_BIT)</string>
				<key>BUNDLE_LOADER</key>
				<string>$(BUILT_PRODUCTS_DIR)/Lokomapa.app/Lokomapa</string>
				<key>FRAMEWORK_SEARCH_PATHS</key>
				<array>
					<string>$(SDKROOT)/Developer/Library/Frameworks</string>
					<string>$(inherited)</string>
					<string>$(DEVELOPER_FRAMEWORKS_DIR)</string>
				</array>
				<key>GCC_PRECOMPILE_PREFIX_HEADER</key>
				<string>YES</string>
				<key>GCC_PREFIX_HEADER</key>
				<string>Lokomapa/Lokomapa-Prefix.pch</string>
				<key>INFOPLIST_FILE</key>
				<string>LokomapaTests/LokomapaTests-Info.plist</string>
				<key>PRODUCT_NAME</key>
				<string>$(TARGET_NAME)</string>
				<key>TEST_HOST</key>
				<string>$(BUNDLE_LOADER)</string>
				<key>WRAPPER_EXTENSION</key>
				<string>xctest</string>
			</dict>
			<key>isa</key>
			<string>XCBuildConfiguration</string>
			<key>name</key>
			<string>Release</string>
		</dict>
		<key>179A96F417F23E09003FDC64</key>
		<dict>
			<key>children</key>
			<array>
				<string>179A96F517F23E1A003FDC64</string>
				<string>179A96F617F23E67003FDC64</string>
			</array>
			<key>isa</key>
			<string>PBXGroup</string>
			<key>path</key>
			<string>Controllers</string>
			<key>sourceTree</key>
			<string>&lt;group&gt;</string>
		</dict>
		<key>179A96F517F23E1A003FDC64</key>
		<dict>
			<key>children</key>
			<array>
				<string>179A96CB17F23DD6003FDC64</string>
				<string>179A96CC17F23DD6003FDC64</string>
			</array>
			<key>isa</key>
			<string>PBXGroup</string>
			<key>path</key>
			<string>AppDelegate</string>
			<key>sourceTree</key>
			<string>&lt;group&gt;</string>
		</dict>
		<key>179A96F617F23E67003FDC64</key>
		<dict>
			<key>children</key>
			<array>
				<string>179A96F717F23E8A003FDC64</string>
				<string>179A96F817F23E8A003FDC64</string>
				<string>179A96FC17F23F3F003FDC64</string>
				<string>179A96F917F23E8A003FDC64</string>
			</array>
			<key>isa</key>
			<string>PBXGroup</string>
			<key>path</key>
			<string>Map</string>
			<key>sourceTree</key>
			<string>&lt;group&gt;</string>
		</dict>
		<key>179A96F717F23E8A003FDC64</key>
		<dict>
			<key>fileEncoding</key>
			<string>4</string>
			<key>isa</key>
			<string>PBXFileReference</string>
			<key>lastKnownFileType</key>
			<string>sourcecode.c.h</string>
			<key>path</key>
			<string>MapViewController.h</string>
			<key>sourceTree</key>
			<string>&lt;group&gt;</string>
		</dict>
		<key>179A96F817F23E8A003FDC64</key>
		<dict>
			<key>fileEncoding</key>
			<string>4</string>
			<key>isa</key>
			<string>PBXFileReference</string>
			<key>lastKnownFileType</key>
			<string>sourcecode.c.objc</string>
			<key>path</key>
			<string>MapViewController.m</string>
			<key>sourceTree</key>
			<string>&lt;group&gt;</string>
		</dict>
		<key>179A96F917F23E8A003FDC64</key>
		<dict>
			<key>fileEncoding</key>
			<string>4</string>
			<key>isa</key>
			<string>PBXFileReference</string>
			<key>lastKnownFileType</key>
			<string>file.xib</string>
			<key>path</key>
			<string>MapViewController~ipad.xib</string>
			<key>sourceTree</key>
			<string>&lt;group&gt;</string>
		</dict>
		<key>179A96FA17F23E8A003FDC64</key>
		<dict>
			<key>fileRef</key>
			<string>179A96F817F23E8A003FDC64</string>
			<key>isa</key>
			<string>PBXBuildFile</string>
		</dict>
		<key>179A96FB17F23E8A003FDC64</key>
		<dict>
			<key>fileRef</key>
			<string>179A96F917F23E8A003FDC64</string>
			<key>isa</key>
			<string>PBXBuildFile</string>
		</dict>
		<key>179A96FC17F23F3F003FDC64</key>
		<dict>
			<key>fileEncoding</key>
			<string>4</string>
			<key>isa</key>
			<string>PBXFileReference</string>
			<key>lastKnownFileType</key>
			<string>file.xib</string>
			<key>path</key>
			<string>MapViewController.xib</string>
			<key>sourceTree</key>
			<string>&lt;group&gt;</string>
		</dict>
		<key>179A96FD17F23F3F003FDC64</key>
		<dict>
			<key>fileRef</key>
			<string>179A96FC17F23F3F003FDC64</string>
			<key>isa</key>
			<string>PBXBuildFile</string>
		</dict>
		<key>179A96FE17F24042003FDC64</key>
		<dict>
			<key>isa</key>
			<string>PBXFileReference</string>
			<key>lastKnownFileType</key>
			<string>wrapper.framework</string>
			<key>name</key>
			<string>MapKit.framework</string>
			<key>path</key>
			<string>System/Library/Frameworks/MapKit.framework</string>
			<key>sourceTree</key>
			<string>SDKROOT</string>
		</dict>
		<key>179A96FF17F24042003FDC64</key>
		<dict>
			<key>fileRef</key>
			<string>179A96FE17F24042003FDC64</string>
			<key>isa</key>
			<string>PBXBuildFile</string>
		</dict>
		<key>290E48FB1F7047C7B9ABA920</key>
		<dict>
			<key>includeInIndex</key>
			<string>1</string>
			<key>isa</key>
			<string>PBXFileReference</string>
			<key>lastKnownFileType</key>
			<string>text.xcconfig</string>
			<key>name</key>
			<string>Pods.xcconfig</string>
			<key>path</key>
			<string>Pods/Pods.xcconfig</string>
			<key>sourceTree</key>
			<string>&lt;group&gt;</string>
		</dict>
		<key>A61A266AAC334DA58E32A2AC</key>
		<dict>
			<key>fileRef</key>
			<string>C57C5ADA7720400D8FDDF8AE</string>
			<key>isa</key>
			<string>PBXBuildFile</string>
		</dict>
		<key>AEC7DD76C7DF4A49917DE4BD</key>
		<dict>
			<key>buildActionMask</key>
			<string>2147483647</string>
			<key>files</key>
			<array/>
			<key>inputPaths</key>
			<array/>
			<key>isa</key>
			<string>PBXShellScriptBuildPhase</string>
			<key>name</key>
			<string>Check Pods Manifest.lock</string>
			<key>outputPaths</key>
			<array/>
			<key>runOnlyForDeploymentPostprocessing</key>
			<string>0</string>
			<key>shellPath</key>
			<string>/bin/sh</string>
			<key>shellScript</key>
			<string>diff "${PODS_ROOT}/../Podfile.lock" "${PODS_ROOT}/Manifest.lock" &gt; /dev/null
if [[ $? != 0 ]] ; then
    cat &lt;&lt; EOM
error: The sandbox is not in sync with the Podfile.lock. Run 'pod install' or update your CocoaPods installation.
EOM
    exit 1
fi
</string>
			<key>showEnvVarsInLog</key>
			<string>0</string>
		</dict>
		<key>C57C5ADA7720400D8FDDF8AE</key>
		<dict>
			<key>explicitFileType</key>
			<string>archive.ar</string>
			<key>includeInIndex</key>
			<string>0</string>
			<key>isa</key>
			<string>PBXFileReference</string>
			<key>path</key>
			<string>libPods.a</string>
			<key>sourceTree</key>
			<string>BUILT_PRODUCTS_DIR</string>
		</dict>
	</dict>
	<key>rootObject</key>
	<string>179A96B117F23DD6003FDC64</string>
</dict>
</plist>
