// !$*UTF8*$!
{
	archiveVersion = 1;
	classes = {
	};
	objectVersion = 46;
	objects = {

/* Begin PBXBuildFile section */
		1720366817FF3A8C00463419 /* TrainStopDetailsCell.m in Sources */ = {isa = PBXBuildFile; fileRef = 1720366717FF3A8C00463419 /* TrainStopDetailsCell.m */; };
		1720366A17FF3AB800463419 /* TrainStopDetailsCell.xib in Resources */ = {isa = PBXBuildFile; fileRef = 1720366917FF3AB800463419 /* TrainStopDetailsCell.xib */; };
		1720367318003C5E00463419 /* NSDate+Utils.m in Sources */ = {isa = PBXBuildFile; fileRef = 1720367218003C5E00463419 /* NSDate+Utils.m */; };
		1720367618003CB900463419 /* NSString+Utils.m in Sources */ = {isa = PBXBuildFile; fileRef = 1720367518003CB900463419 /* NSString+Utils.m */; };
		172036781800425F00463419 /* MessageUI.framework in Frameworks */ = {isa = PBXBuildFile; fileRef = 172036771800425F00463419 /* MessageUI.framework */; };
		1720367A1801760B00463419 /* Social.framework in Frameworks */ = {isa = PBXBuildFile; fileRef = 172036791801760B00463419 /* Social.framework */; };
		175747181814E865004E540E /* TestStationResponse.json in Resources */ = {isa = PBXBuildFile; fileRef = 175747171814E865004E540E /* TestStationResponse.json */; };
		1757471A1814ED80004E540E /* TestScheduleResponse.json in Resources */ = {isa = PBXBuildFile; fileRef = 175747191814ED80004E540E /* TestScheduleResponse.json */; };
		1757471C1814EDD3004E540E /* TestTrainResponse.json in Resources */ = {isa = PBXBuildFile; fileRef = 1757471B1814EDD3004E540E /* TestTrainResponse.json */; };
		1757471E1814EE5B004E540E /* TestTrainDetailResponse.json in Resources */ = {isa = PBXBuildFile; fileRef = 1757471D1814EE5B004E540E /* TestTrainDetailResponse.json */; };
		175747211814EFEE004E540E /* NSJSONSerialization+Utils.m in Sources */ = {isa = PBXBuildFile; fileRef = 175747201814EFEE004E540E /* NSJSONSerialization+Utils.m */; };
		175747251815063D004E540E /* ZoomIndicatorView.m in Sources */ = {isa = PBXBuildFile; fileRef = 175747241815063D004E540E /* ZoomIndicatorView.m */; };
		179410AA17F708B300FD35BE /* Schedule.m in Sources */ = {isa = PBXBuildFile; fileRef = 179410A917F708B300FD35BE /* Schedule.m */; };
		179A96BD17F23DD6003FDC64 /* Foundation.framework in Frameworks */ = {isa = PBXBuildFile; fileRef = 179A96BC17F23DD6003FDC64 /* Foundation.framework */; };
		179A96BF17F23DD6003FDC64 /* CoreGraphics.framework in Frameworks */ = {isa = PBXBuildFile; fileRef = 179A96BE17F23DD6003FDC64 /* CoreGraphics.framework */; };
		179A96C117F23DD6003FDC64 /* UIKit.framework in Frameworks */ = {isa = PBXBuildFile; fileRef = 179A96C017F23DD6003FDC64 /* UIKit.framework */; };
		179A96C717F23DD6003FDC64 /* InfoPlist.strings in Resources */ = {isa = PBXBuildFile; fileRef = 179A96C517F23DD6003FDC64 /* InfoPlist.strings */; };
		179A96C917F23DD6003FDC64 /* main.m in Sources */ = {isa = PBXBuildFile; fileRef = 179A96C817F23DD6003FDC64 /* main.m */; };
		179A96CD17F23DD6003FDC64 /* AppDelegate.m in Sources */ = {isa = PBXBuildFile; fileRef = 179A96CC17F23DD6003FDC64 /* AppDelegate.m */; };
		179A96D817F23DD6003FDC64 /* Images.xcassets in Resources */ = {isa = PBXBuildFile; fileRef = 179A96D717F23DD6003FDC64 /* Images.xcassets */; };
		179A96DF17F23DD7003FDC64 /* XCTest.framework in Frameworks */ = {isa = PBXBuildFile; fileRef = 179A96DE17F23DD7003FDC64 /* XCTest.framework */; };
		179A96E017F23DD7003FDC64 /* Foundation.framework in Frameworks */ = {isa = PBXBuildFile; fileRef = 179A96BC17F23DD6003FDC64 /* Foundation.framework */; };
		179A96E117F23DD7003FDC64 /* UIKit.framework in Frameworks */ = {isa = PBXBuildFile; fileRef = 179A96C017F23DD6003FDC64 /* UIKit.framework */; };
		179A96E917F23DD7003FDC64 /* InfoPlist.strings in Resources */ = {isa = PBXBuildFile; fileRef = 179A96E717F23DD7003FDC64 /* InfoPlist.strings */; };
		179A96EB17F23DD7003FDC64 /* LokomapaTests.m in Sources */ = {isa = PBXBuildFile; fileRef = 179A96EA17F23DD7003FDC64 /* LokomapaTests.m */; };
		179A96FA17F23E8A003FDC64 /* MapViewController.m in Sources */ = {isa = PBXBuildFile; fileRef = 179A96F817F23E8A003FDC64 /* MapViewController.m */; };
		179A96FB17F23E8A003FDC64 /* MapViewController~ipad.xib in Resources */ = {isa = PBXBuildFile; fileRef = 179A96F917F23E8A003FDC64 /* MapViewController~ipad.xib */; };
		179A96FD17F23F3F003FDC64 /* MapViewController.xib in Resources */ = {isa = PBXBuildFile; fileRef = 179A96FC17F23F3F003FDC64 /* MapViewController.xib */; };
		179A96FF17F24042003FDC64 /* MapKit.framework in Frameworks */ = {isa = PBXBuildFile; fileRef = 179A96FE17F24042003FDC64 /* MapKit.framework */; };
		17AC5F0417F6D02D000A2DB1 /* SitkolAPIClient.m in Sources */ = {isa = PBXBuildFile; fileRef = 17AC5F0317F6D02D000A2DB1 /* SitkolAPIClient.m */; };
		17AC5F0817F6D1B9000A2DB1 /* Station.m in Sources */ = {isa = PBXBuildFile; fileRef = 17AC5F0717F6D1B9000A2DB1 /* Station.m */; };
		17AC5F0A17F6D41F000A2DB1 /* CoreLocation.framework in Frameworks */ = {isa = PBXBuildFile; fileRef = 17AC5F0917F6D41F000A2DB1 /* CoreLocation.framework */; };
		17C0FCD317F9E71100B0A233 /* Train.m in Sources */ = {isa = PBXBuildFile; fileRef = 17C0FCD217F9E71100B0A233 /* Train.m */; };
		17C0FCD717F9E92600B0A233 /* SitkolCoords.m in Sources */ = {isa = PBXBuildFile; fileRef = 17C0FCD617F9E92600B0A233 /* SitkolCoords.m */; };
		17C0FCDA17F9F04A00B0A233 /* TrainAnnotation.m in Sources */ = {isa = PBXBuildFile; fileRef = 17C0FCD917F9F04A00B0A233 /* TrainAnnotation.m */; };
		17C0FCDF17FC5BF500B0A233 /* TrainDetailsViewController.m in Sources */ = {isa = PBXBuildFile; fileRef = 17C0FCDD17FC5BF500B0A233 /* TrainDetailsViewController.m */; };
		17C0FCE017FC5BF500B0A233 /* TrainDetailsViewController.xib in Resources */ = {isa = PBXBuildFile; fileRef = 17C0FCDE17FC5BF500B0A233 /* TrainDetailsViewController.xib */; };
		17CFB3171834038E003341BB /* SettingsViewController.m in Sources */ = {isa = PBXBuildFile; fileRef = 17CFB3151834038E003341BB /* SettingsViewController.m */; };
		17CFB3181834038E003341BB /* SettingsViewController.xib in Resources */ = {isa = PBXBuildFile; fileRef = 17CFB3161834038E003341BB /* SettingsViewController.xib */; };
		17CFB31D18340C0F003341BB /* sitkol.jpg in Resources */ = {isa = PBXBuildFile; fileRef = 17CFB31C18340C0F003341BB /* sitkol.jpg */; };
		17D0054C186C9437000223A7 /* Localizable.strings in Resources */ = {isa = PBXBuildFile; fileRef = 17D0054E186C9437000223A7 /* Localizable.strings */; };
		17DF4B7217F881EE000F0B8A /* StationAnnotation.m in Sources */ = {isa = PBXBuildFile; fileRef = 17DF4B7117F881EE000F0B8A /* StationAnnotation.m */; };
		17DF4B7617F89141000F0B8A /* StationAnnotationView.m in Sources */ = {isa = PBXBuildFile; fileRef = 17DF4B7517F89141000F0B8A /* StationAnnotationView.m */; };
		17DF4B7B17F89D74000F0B8A /* ScheduleViewController.m in Sources */ = {isa = PBXBuildFile; fileRef = 17DF4B7917F89D74000F0B8A /* ScheduleViewController.m */; };
		17DF4B7C17F89D74000F0B8A /* ScheduleViewController.xib in Resources */ = {isa = PBXBuildFile; fileRef = 17DF4B7A17F89D74000F0B8A /* ScheduleViewController.xib */; };
		17E7F7F7181D2C3A00C3455D /* TrainScheduleViewController.m in Sources */ = {isa = PBXBuildFile; fileRef = 17E7F7F5181D2C3A00C3455D /* TrainScheduleViewController.m */; };
		17E7F7F8181D2C3A00C3455D /* TrainScheduleViewController.xib in Resources */ = {isa = PBXBuildFile; fileRef = 17E7F7F6181D2C3A00C3455D /* TrainScheduleViewController.xib */; };
		A61A266AAC334DA58E32A2AC /* libPods.a in Frameworks */ = {isa = PBXBuildFile; fileRef = C57C5ADA7720400D8FDDF8AE /* libPods.a */; };
/* End PBXBuildFile section */

/* Begin PBXContainerItemProxy section */
		179A96E217F23DD7003FDC64 /* PBXContainerItemProxy */ = {
			isa = PBXContainerItemProxy;
			containerPortal = 179A96B117F23DD6003FDC64 /* Project object */;
			proxyType = 1;
			remoteGlobalIDString = 179A96B817F23DD6003FDC64;
			remoteInfo = Lokomapa;
		};
/* End PBXContainerItemProxy section */

/* Begin PBXFileReference section */
		1720366617FF3A8C00463419 /* TrainStopDetailsCell.h */ = {isa = PBXFileReference; fileEncoding = 4; lastKnownFileType = sourcecode.c.h; path = TrainStopDetailsCell.h; sourceTree = "<group>"; };
		1720366717FF3A8C00463419 /* TrainStopDetailsCell.m */ = {isa = PBXFileReference; fileEncoding = 4; lastKnownFileType = sourcecode.c.objc; path = TrainStopDetailsCell.m; sourceTree = "<group>"; };
		1720366917FF3AB800463419 /* TrainStopDetailsCell.xib */ = {isa = PBXFileReference; fileEncoding = 4; lastKnownFileType = file.xib; path = TrainStopDetailsCell.xib; sourceTree = "<group>"; };
		1720367118003C5E00463419 /* NSDate+Utils.h */ = {isa = PBXFileReference; fileEncoding = 4; lastKnownFileType = sourcecode.c.h; path = "NSDate+Utils.h"; sourceTree = "<group>"; };
		1720367218003C5E00463419 /* NSDate+Utils.m */ = {isa = PBXFileReference; fileEncoding = 4; lastKnownFileType = sourcecode.c.objc; path = "NSDate+Utils.m"; sourceTree = "<group>"; };
		1720367418003CB900463419 /* NSString+Utils.h */ = {isa = PBXFileReference; fileEncoding = 4; lastKnownFileType = sourcecode.c.h; path = "NSString+Utils.h"; sourceTree = "<group>"; };
		1720367518003CB900463419 /* NSString+Utils.m */ = {isa = PBXFileReference; fileEncoding = 4; lastKnownFileType = sourcecode.c.objc; path = "NSString+Utils.m"; sourceTree = "<group>"; };
		172036771800425F00463419 /* MessageUI.framework */ = {isa = PBXFileReference; lastKnownFileType = wrapper.framework; name = MessageUI.framework; path = System/Library/Frameworks/MessageUI.framework; sourceTree = SDKROOT; };
		172036791801760B00463419 /* Social.framework */ = {isa = PBXFileReference; lastKnownFileType = wrapper.framework; name = Social.framework; path = System/Library/Frameworks/Social.framework; sourceTree = SDKROOT; };
		175747171814E865004E540E /* TestStationResponse.json */ = {isa = PBXFileReference; fileEncoding = 4; lastKnownFileType = text.json; path = TestStationResponse.json; sourceTree = "<group>"; };
		175747191814ED80004E540E /* TestScheduleResponse.json */ = {isa = PBXFileReference; fileEncoding = 4; lastKnownFileType = text.json; path = TestScheduleResponse.json; sourceTree = "<group>"; };
		1757471B1814EDD3004E540E /* TestTrainResponse.json */ = {isa = PBXFileReference; fileEncoding = 4; lastKnownFileType = text.json; path = TestTrainResponse.json; sourceTree = "<group>"; };
		1757471D1814EE5B004E540E /* TestTrainDetailResponse.json */ = {isa = PBXFileReference; fileEncoding = 4; lastKnownFileType = text.json; path = TestTrainDetailResponse.json; sourceTree = "<group>"; };
		1757471F1814EFEE004E540E /* NSJSONSerialization+Utils.h */ = {isa = PBXFileReference; fileEncoding = 4; lastKnownFileType = sourcecode.c.h; path = "NSJSONSerialization+Utils.h"; sourceTree = "<group>"; };
		175747201814EFEE004E540E /* NSJSONSerialization+Utils.m */ = {isa = PBXFileReference; fileEncoding = 4; lastKnownFileType = sourcecode.c.objc; path = "NSJSONSerialization+Utils.m"; sourceTree = "<group>"; };
		175747231815063D004E540E /* ZoomIndicatorView.h */ = {isa = PBXFileReference; fileEncoding = 4; lastKnownFileType = sourcecode.c.h; path = ZoomIndicatorView.h; sourceTree = "<group>"; };
		175747241815063D004E540E /* ZoomIndicatorView.m */ = {isa = PBXFileReference; fileEncoding = 4; lastKnownFileType = sourcecode.c.objc; path = ZoomIndicatorView.m; sourceTree = "<group>"; };
		179410A817F708B300FD35BE /* Schedule.h */ = {isa = PBXFileReference; fileEncoding = 4; lastKnownFileType = sourcecode.c.h; path = Schedule.h; sourceTree = "<group>"; };
		179410A917F708B300FD35BE /* Schedule.m */ = {isa = PBXFileReference; fileEncoding = 4; lastKnownFileType = sourcecode.c.objc; path = Schedule.m; sourceTree = "<group>"; };
		179A96B917F23DD6003FDC64 /* Lokomapa.app */ = {isa = PBXFileReference; explicitFileType = wrapper.application; includeInIndex = 0; path = Lokomapa.app; sourceTree = BUILT_PRODUCTS_DIR; };
		179A96BC17F23DD6003FDC64 /* Foundation.framework */ = {isa = PBXFileReference; lastKnownFileType = wrapper.framework; name = Foundation.framework; path = System/Library/Frameworks/Foundation.framework; sourceTree = SDKROOT; };
		179A96BE17F23DD6003FDC64 /* CoreGraphics.framework */ = {isa = PBXFileReference; lastKnownFileType = wrapper.framework; name = CoreGraphics.framework; path = System/Library/Frameworks/CoreGraphics.framework; sourceTree = SDKROOT; };
		179A96C017F23DD6003FDC64 /* UIKit.framework */ = {isa = PBXFileReference; lastKnownFileType = wrapper.framework; name = UIKit.framework; path = System/Library/Frameworks/UIKit.framework; sourceTree = SDKROOT; };
		179A96C417F23DD6003FDC64 /* Lokomapa-Info.plist */ = {isa = PBXFileReference; lastKnownFileType = text.plist.xml; path = "Lokomapa-Info.plist"; sourceTree = "<group>"; };
		179A96C617F23DD6003FDC64 /* en */ = {isa = PBXFileReference; lastKnownFileType = text.plist.strings; name = en; path = en.lproj/InfoPlist.strings; sourceTree = "<group>"; };
		179A96C817F23DD6003FDC64 /* main.m */ = {isa = PBXFileReference; lastKnownFileType = sourcecode.c.objc; path = main.m; sourceTree = "<group>"; };
		179A96CA17F23DD6003FDC64 /* Lokomapa-Prefix.pch */ = {isa = PBXFileReference; lastKnownFileType = sourcecode.c.h; path = "Lokomapa-Prefix.pch"; sourceTree = "<group>"; };
		179A96CB17F23DD6003FDC64 /* AppDelegate.h */ = {isa = PBXFileReference; lastKnownFileType = sourcecode.c.h; path = AppDelegate.h; sourceTree = "<group>"; };
		179A96CC17F23DD6003FDC64 /* AppDelegate.m */ = {isa = PBXFileReference; lastKnownFileType = sourcecode.c.objc; path = AppDelegate.m; sourceTree = "<group>"; };
		179A96D717F23DD6003FDC64 /* Images.xcassets */ = {isa = PBXFileReference; lastKnownFileType = folder.assetcatalog; path = Images.xcassets; sourceTree = "<group>"; };
		179A96DD17F23DD7003FDC64 /* LokomapaTests.xctest */ = {isa = PBXFileReference; explicitFileType = wrapper.cfbundle; includeInIndex = 0; path = LokomapaTests.xctest; sourceTree = BUILT_PRODUCTS_DIR; };
		179A96DE17F23DD7003FDC64 /* XCTest.framework */ = {isa = PBXFileReference; lastKnownFileType = wrapper.framework; name = XCTest.framework; path = Library/Frameworks/XCTest.framework; sourceTree = DEVELOPER_DIR; };
		179A96E617F23DD7003FDC64 /* LokomapaTests-Info.plist */ = {isa = PBXFileReference; lastKnownFileType = text.plist.xml; path = "LokomapaTests-Info.plist"; sourceTree = "<group>"; };
		179A96E817F23DD7003FDC64 /* en */ = {isa = PBXFileReference; lastKnownFileType = text.plist.strings; name = en; path = en.lproj/InfoPlist.strings; sourceTree = "<group>"; };
		179A96EA17F23DD7003FDC64 /* LokomapaTests.m */ = {isa = PBXFileReference; lastKnownFileType = sourcecode.c.objc; path = LokomapaTests.m; sourceTree = "<group>"; };
		179A96F717F23E8A003FDC64 /* MapViewController.h */ = {isa = PBXFileReference; fileEncoding = 4; lastKnownFileType = sourcecode.c.h; path = MapViewController.h; sourceTree = "<group>"; };
		179A96F817F23E8A003FDC64 /* MapViewController.m */ = {isa = PBXFileReference; fileEncoding = 4; lastKnownFileType = sourcecode.c.objc; path = MapViewController.m; sourceTree = "<group>"; };
		179A96F917F23E8A003FDC64 /* MapViewController~ipad.xib */ = {isa = PBXFileReference; fileEncoding = 4; lastKnownFileType = file.xib; path = "MapViewController~ipad.xib"; sourceTree = "<group>"; };
		179A96FC17F23F3F003FDC64 /* MapViewController.xib */ = {isa = PBXFileReference; fileEncoding = 4; lastKnownFileType = file.xib; path = MapViewController.xib; sourceTree = "<group>"; };
		179A96FE17F24042003FDC64 /* MapKit.framework */ = {isa = PBXFileReference; lastKnownFileType = wrapper.framework; name = MapKit.framework; path = System/Library/Frameworks/MapKit.framework; sourceTree = SDKROOT; };
		17AC5F0217F6D02D000A2DB1 /* SitkolAPIClient.h */ = {isa = PBXFileReference; fileEncoding = 4; lastKnownFileType = sourcecode.c.h; path = SitkolAPIClient.h; sourceTree = "<group>"; };
		17AC5F0317F6D02D000A2DB1 /* SitkolAPIClient.m */ = {isa = PBXFileReference; fileEncoding = 4; lastKnownFileType = sourcecode.c.objc; path = SitkolAPIClient.m; sourceTree = "<group>"; };
		17AC5F0617F6D1B9000A2DB1 /* Station.h */ = {isa = PBXFileReference; fileEncoding = 4; lastKnownFileType = sourcecode.c.h; path = Station.h; sourceTree = "<group>"; };
		17AC5F0717F6D1B9000A2DB1 /* Station.m */ = {isa = PBXFileReference; fileEncoding = 4; lastKnownFileType = sourcecode.c.objc; path = Station.m; sourceTree = "<group>"; };
		17AC5F0917F6D41F000A2DB1 /* CoreLocation.framework */ = {isa = PBXFileReference; lastKnownFileType = wrapper.framework; name = CoreLocation.framework; path = System/Library/Frameworks/CoreLocation.framework; sourceTree = SDKROOT; };
		17C0FCD117F9E71100B0A233 /* Train.h */ = {isa = PBXFileReference; fileEncoding = 4; lastKnownFileType = sourcecode.c.h; path = Train.h; sourceTree = "<group>"; };
		17C0FCD217F9E71100B0A233 /* Train.m */ = {isa = PBXFileReference; fileEncoding = 4; lastKnownFileType = sourcecode.c.objc; path = Train.m; sourceTree = "<group>"; };
		17C0FCD517F9E92600B0A233 /* SitkolCoords.h */ = {isa = PBXFileReference; fileEncoding = 4; lastKnownFileType = sourcecode.c.h; path = SitkolCoords.h; sourceTree = "<group>"; };
		17C0FCD617F9E92600B0A233 /* SitkolCoords.m */ = {isa = PBXFileReference; fileEncoding = 4; lastKnownFileType = sourcecode.c.objc; path = SitkolCoords.m; sourceTree = "<group>"; };
		17C0FCD817F9F04A00B0A233 /* TrainAnnotation.h */ = {isa = PBXFileReference; fileEncoding = 4; lastKnownFileType = sourcecode.c.h; path = TrainAnnotation.h; sourceTree = "<group>"; };
		17C0FCD917F9F04A00B0A233 /* TrainAnnotation.m */ = {isa = PBXFileReference; fileEncoding = 4; lastKnownFileType = sourcecode.c.objc; path = TrainAnnotation.m; sourceTree = "<group>"; };
		17C0FCDC17FC5BF500B0A233 /* TrainDetailsViewController.h */ = {isa = PBXFileReference; fileEncoding = 4; lastKnownFileType = sourcecode.c.h; path = TrainDetailsViewController.h; sourceTree = "<group>"; };
		17C0FCDD17FC5BF500B0A233 /* TrainDetailsViewController.m */ = {isa = PBXFileReference; fileEncoding = 4; lastKnownFileType = sourcecode.c.objc; path = TrainDetailsViewController.m; sourceTree = "<group>"; };
		17C0FCDE17FC5BF500B0A233 /* TrainDetailsViewController.xib */ = {isa = PBXFileReference; fileEncoding = 4; lastKnownFileType = file.xib; path = TrainDetailsViewController.xib; sourceTree = "<group>"; };
		17CFB3141834038E003341BB /* SettingsViewController.h */ = {isa = PBXFileReference; fileEncoding = 4; lastKnownFileType = sourcecode.c.h; path = SettingsViewController.h; sourceTree = "<group>"; };
		17CFB3151834038E003341BB /* SettingsViewController.m */ = {isa = PBXFileReference; fileEncoding = 4; lastKnownFileType = sourcecode.c.objc; path = SettingsViewController.m; sourceTree = "<group>"; };
		17CFB3161834038E003341BB /* SettingsViewController.xib */ = {isa = PBXFileReference; fileEncoding = 4; lastKnownFileType = file.xib; path = SettingsViewController.xib; sourceTree = "<group>"; };
		17CFB31C18340C0F003341BB /* sitkol.jpg */ = {isa = PBXFileReference; lastKnownFileType = image.jpeg; path = sitkol.jpg; sourceTree = "<group>"; };
		17D00550186C95D2000223A7 /* pl */ = {isa = PBXFileReference; lastKnownFileType = text.plist.strings; name = pl; path = pl.lproj/Localizable.strings; sourceTree = "<group>"; };
		17D00551186C9632000223A7 /* en */ = {isa = PBXFileReference; lastKnownFileType = text.plist.strings; name = en; path = en.lproj/Localizable.strings; sourceTree = "<group>"; };
		17DF4B7017F881EE000F0B8A /* StationAnnotation.h */ = {isa = PBXFileReference; fileEncoding = 4; lastKnownFileType = sourcecode.c.h; path = StationAnnotation.h; sourceTree = "<group>"; };
		17DF4B7117F881EE000F0B8A /* StationAnnotation.m */ = {isa = PBXFileReference; fileEncoding = 4; lastKnownFileType = sourcecode.c.objc; path = StationAnnotation.m; sourceTree = "<group>"; };
		17DF4B7417F89141000F0B8A /* StationAnnotationView.h */ = {isa = PBXFileReference; fileEncoding = 4; lastKnownFileType = sourcecode.c.h; path = StationAnnotationView.h; sourceTree = "<group>"; };
		17DF4B7517F89141000F0B8A /* StationAnnotationView.m */ = {isa = PBXFileReference; fileEncoding = 4; lastKnownFileType = sourcecode.c.objc; path = StationAnnotationView.m; sourceTree = "<group>"; };
		17DF4B7817F89D74000F0B8A /* ScheduleViewController.h */ = {isa = PBXFileReference; fileEncoding = 4; lastKnownFileType = sourcecode.c.h; path = ScheduleViewController.h; sourceTree = "<group>"; };
		17DF4B7917F89D74000F0B8A /* ScheduleViewController.m */ = {isa = PBXFileReference; fileEncoding = 4; lastKnownFileType = sourcecode.c.objc; path = ScheduleViewController.m; sourceTree = "<group>"; };
		17DF4B7A17F89D74000F0B8A /* ScheduleViewController.xib */ = {isa = PBXFileReference; fileEncoding = 4; lastKnownFileType = file.xib; path = ScheduleViewController.xib; sourceTree = "<group>"; };
		17E7F7F4181D2C3A00C3455D /* TrainScheduleViewController.h */ = {isa = PBXFileReference; fileEncoding = 4; lastKnownFileType = sourcecode.c.h; path = TrainScheduleViewController.h; sourceTree = "<group>"; };
		17E7F7F5181D2C3A00C3455D /* TrainScheduleViewController.m */ = {isa = PBXFileReference; fileEncoding = 4; lastKnownFileType = sourcecode.c.objc; path = TrainScheduleViewController.m; sourceTree = "<group>"; };
		17E7F7F6181D2C3A00C3455D /* TrainScheduleViewController.xib */ = {isa = PBXFileReference; fileEncoding = 4; lastKnownFileType = file.xib; path = TrainScheduleViewController.xib; sourceTree = "<group>"; };
		290E48FB1F7047C7B9ABA920 /* Pods.xcconfig */ = {isa = PBXFileReference; includeInIndex = 1; lastKnownFileType = text.xcconfig; name = Pods.xcconfig; path = Pods/Pods.xcconfig; sourceTree = "<group>"; };
		C57C5ADA7720400D8FDDF8AE /* libPods.a */ = {isa = PBXFileReference; explicitFileType = archive.ar; includeInIndex = 0; path = libPods.a; sourceTree = BUILT_PRODUCTS_DIR; };
/* End PBXFileReference section */

/* Begin PBXFrameworksBuildPhase section */
		179A96B617F23DD6003FDC64 /* Frameworks */ = {
			isa = PBXFrameworksBuildPhase;
			buildActionMask = 2147483647;
			files = (
				1720367A1801760B00463419 /* Social.framework in Frameworks */,
				172036781800425F00463419 /* MessageUI.framework in Frameworks */,
				17AC5F0A17F6D41F000A2DB1 /* CoreLocation.framework in Frameworks */,
				179A96FF17F24042003FDC64 /* MapKit.framework in Frameworks */,
				179A96BF17F23DD6003FDC64 /* CoreGraphics.framework in Frameworks */,
				179A96C117F23DD6003FDC64 /* UIKit.framework in Frameworks */,
				179A96BD17F23DD6003FDC64 /* Foundation.framework in Frameworks */,
				A61A266AAC334DA58E32A2AC /* libPods.a in Frameworks */,
			);
			runOnlyForDeploymentPostprocessing = 0;
		};
		179A96DA17F23DD7003FDC64 /* Frameworks */ = {
			isa = PBXFrameworksBuildPhase;
			buildActionMask = 2147483647;
			files = (
				179A96DF17F23DD7003FDC64 /* XCTest.framework in Frameworks */,
				179A96E117F23DD7003FDC64 /* UIKit.framework in Frameworks */,
				179A96E017F23DD7003FDC64 /* Foundation.framework in Frameworks */,
			);
			runOnlyForDeploymentPostprocessing = 0;
		};
/* End PBXFrameworksBuildPhase section */

/* Begin PBXGroup section */
		1720366517FF3A6B00463419 /* Cells */ = {
			isa = PBXGroup;
			children = (
				1720366617FF3A8C00463419 /* TrainStopDetailsCell.h */,
				1720366717FF3A8C00463419 /* TrainStopDetailsCell.m */,
				1720366917FF3AB800463419 /* TrainStopDetailsCell.xib */,
			);
			path = Cells;
			sourceTree = "<group>";
		};
		1720367018003C3100463419 /* Categories */ = {
			isa = PBXGroup;
			children = (
				1720367118003C5E00463419 /* NSDate+Utils.h */,
				1720367218003C5E00463419 /* NSDate+Utils.m */,
				1720367418003CB900463419 /* NSString+Utils.h */,
				1720367518003CB900463419 /* NSString+Utils.m */,
				1757471F1814EFEE004E540E /* NSJSONSerialization+Utils.h */,
				175747201814EFEE004E540E /* NSJSONSerialization+Utils.m */,
			);
			path = Categories;
			sourceTree = "<group>";
		};
		175747151814E80E004E540E /* Resources */ = {
			isa = PBXGroup;
			children = (
				17D00549186C940C000223A7 /* Localizations */,
				17CFB31B18340C00003341BB /* Images */,
				175747161814E81E004E540E /* JSON */,
			);
			path = Resources;
			sourceTree = "<group>";
		};
		175747161814E81E004E540E /* JSON */ = {
			isa = PBXGroup;
			children = (
				175747171814E865004E540E /* TestStationResponse.json */,
				175747191814ED80004E540E /* TestScheduleResponse.json */,
				1757471B1814EDD3004E540E /* TestTrainResponse.json */,
				1757471D1814EE5B004E540E /* TestTrainDetailResponse.json */,
			);
			path = JSON;
			sourceTree = "<group>";
		};
		175747221815060F004E540E /* ZoomIndicator */ = {
			isa = PBXGroup;
			children = (
				175747231815063D004E540E /* ZoomIndicatorView.h */,
				175747241815063D004E540E /* ZoomIndicatorView.m */,
			);
			path = ZoomIndicator;
			sourceTree = "<group>";
		};
		179A96B017F23DD6003FDC64 = {
			isa = PBXGroup;
			children = (
				179A96C217F23DD6003FDC64 /* Lokomapa */,
				179A96E417F23DD7003FDC64 /* LokomapaTests */,
				179A96BB17F23DD6003FDC64 /* Frameworks */,
				179A96BA17F23DD6003FDC64 /* Products */,
				290E48FB1F7047C7B9ABA920 /* Pods.xcconfig */,
			);
			sourceTree = "<group>";
		};
		179A96BA17F23DD6003FDC64 /* Products */ = {
			isa = PBXGroup;
			children = (
				179A96B917F23DD6003FDC64 /* Lokomapa.app */,
				179A96DD17F23DD7003FDC64 /* LokomapaTests.xctest */,
			);
			name = Products;
			sourceTree = "<group>";
		};
		179A96BB17F23DD6003FDC64 /* Frameworks */ = {
			isa = PBXGroup;
			children = (
				172036791801760B00463419 /* Social.framework */,
				172036771800425F00463419 /* MessageUI.framework */,
				17AC5F0917F6D41F000A2DB1 /* CoreLocation.framework */,
				179A96FE17F24042003FDC64 /* MapKit.framework */,
				179A96BC17F23DD6003FDC64 /* Foundation.framework */,
				179A96BE17F23DD6003FDC64 /* CoreGraphics.framework */,
				179A96C017F23DD6003FDC64 /* UIKit.framework */,
				179A96DE17F23DD7003FDC64 /* XCTest.framework */,
				C57C5ADA7720400D8FDDF8AE /* libPods.a */,
			);
			name = Frameworks;
			sourceTree = "<group>";
		};
		179A96C217F23DD6003FDC64 /* Lokomapa */ = {
			isa = PBXGroup;
			children = (
				175747151814E80E004E540E /* Resources */,
				179A96F417F23E09003FDC64 /* Controllers */,
				17AC5F0117F6CFC7000A2DB1 /* Network */,
				1720367018003C3100463419 /* Categories */,
				179A96C317F23DD6003FDC64 /* Supporting Files */,
				179A96D717F23DD6003FDC64 /* Images.xcassets */,
			);
			path = Lokomapa;
			sourceTree = "<group>";
		};
		179A96C317F23DD6003FDC64 /* Supporting Files */ = {
			isa = PBXGroup;
			children = (
				179A96C417F23DD6003FDC64 /* Lokomapa-Info.plist */,
				179A96C517F23DD6003FDC64 /* InfoPlist.strings */,
				179A96C817F23DD6003FDC64 /* main.m */,
				179A96CA17F23DD6003FDC64 /* Lokomapa-Prefix.pch */,
			);
			name = "Supporting Files";
			sourceTree = "<group>";
		};
		179A96E417F23DD7003FDC64 /* LokomapaTests */ = {
			isa = PBXGroup;
			children = (
				179A96E517F23DD7003FDC64 /* Supporting Files */,
				179A96EA17F23DD7003FDC64 /* LokomapaTests.m */,
			);
			path = LokomapaTests;
			sourceTree = "<group>";
		};
		179A96E517F23DD7003FDC64 /* Supporting Files */ = {
			isa = PBXGroup;
			children = (
				179A96E617F23DD7003FDC64 /* LokomapaTests-Info.plist */,
				179A96E717F23DD7003FDC64 /* InfoPlist.strings */,
			);
			name = "Supporting Files";
			sourceTree = "<group>";
		};
		179A96F417F23E09003FDC64 /* Controllers */ = {
			isa = PBXGroup;
			children = (
				179A96F517F23E1A003FDC64 /* AppDelegate */,
				179A96F617F23E67003FDC64 /* Map */,
				17DF4B7717F89D51000F0B8A /* Schedule */,
				17C0FCDB17FC5B9700B0A233 /* TrainDetails */,
				17E7F7F3181D2BD600C3455D /* TrainSchedule */,
				17CFB3131834036D003341BB /* Settings */,
			);
			path = Controllers;
			sourceTree = "<group>";
		};
		179A96F517F23E1A003FDC64 /* AppDelegate */ = {
			isa = PBXGroup;
			children = (
				179A96CB17F23DD6003FDC64 /* AppDelegate.h */,
				179A96CC17F23DD6003FDC64 /* AppDelegate.m */,
			);
			path = AppDelegate;
			sourceTree = "<group>";
		};
		179A96F617F23E67003FDC64 /* Map */ = {
			isa = PBXGroup;
			children = (
				175747221815060F004E540E /* ZoomIndicator */,
				17DF4B7317F890F8000F0B8A /* AnnotationViews */,
				17DF4B6F17F881C6000F0B8A /* Annotations */,
				179A96F717F23E8A003FDC64 /* MapViewController.h */,
				179A96F817F23E8A003FDC64 /* MapViewController.m */,
				179A96FC17F23F3F003FDC64 /* MapViewController.xib */,
				179A96F917F23E8A003FDC64 /* MapViewController~ipad.xib */,
			);
			path = Map;
			sourceTree = "<group>";
		};
		17AC5F0117F6CFC7000A2DB1 /* Network */ = {
			isa = PBXGroup;
			children = (
				17C0FCD417F9E8FF00B0A233 /* Helpers */,
				17AC5F0517F6D193000A2DB1 /* Models */,
				17AC5F0217F6D02D000A2DB1 /* SitkolAPIClient.h */,
				17AC5F0317F6D02D000A2DB1 /* SitkolAPIClient.m */,
			);
			path = Network;
			sourceTree = "<group>";
		};
		17AC5F0517F6D193000A2DB1 /* Models */ = {
			isa = PBXGroup;
			children = (
				17AC5F0617F6D1B9000A2DB1 /* Station.h */,
				17AC5F0717F6D1B9000A2DB1 /* Station.m */,
				179410A817F708B300FD35BE /* Schedule.h */,
				179410A917F708B300FD35BE /* Schedule.m */,
				17C0FCD117F9E71100B0A233 /* Train.h */,
				17C0FCD217F9E71100B0A233 /* Train.m */,
			);
			path = Models;
			sourceTree = "<group>";
		};
		17C0FCD417F9E8FF00B0A233 /* Helpers */ = {
			isa = PBXGroup;
			children = (
				17C0FCD517F9E92600B0A233 /* SitkolCoords.h */,
				17C0FCD617F9E92600B0A233 /* SitkolCoords.m */,
			);
			path = Helpers;
			sourceTree = "<group>";
		};
		17C0FCDB17FC5B9700B0A233 /* TrainDetails */ = {
			isa = PBXGroup;
			children = (
				1720366517FF3A6B00463419 /* Cells */,
				17C0FCDC17FC5BF500B0A233 /* TrainDetailsViewController.h */,
				17C0FCDD17FC5BF500B0A233 /* TrainDetailsViewController.m */,
				17C0FCDE17FC5BF500B0A233 /* TrainDetailsViewController.xib */,
			);
			path = TrainDetails;
			sourceTree = "<group>";
		};
		17CFB3131834036D003341BB /* Settings */ = {
			isa = PBXGroup;
			children = (
				17CFB3141834038E003341BB /* SettingsViewController.h */,
				17CFB3151834038E003341BB /* SettingsViewController.m */,
				17CFB3161834038E003341BB /* SettingsViewController.xib */,
			);
			path = Settings;
			sourceTree = "<group>";
		};
		17CFB31B18340C00003341BB /* Images */ = {
			isa = PBXGroup;
			children = (
				17CFB31C18340C0F003341BB /* sitkol.jpg */,
			);
			path = Images;
			sourceTree = "<group>";
		};
		17D00549186C940C000223A7 /* Localizations */ = {
			isa = PBXGroup;
			children = (
				17D0054E186C9437000223A7 /* Localizable.strings */,
			);
			path = Localizations;
			sourceTree = "<group>";
		};
		17DF4B6F17F881C6000F0B8A /* Annotations */ = {
			isa = PBXGroup;
			children = (
				17DF4B7017F881EE000F0B8A /* StationAnnotation.h */,
				17DF4B7117F881EE000F0B8A /* StationAnnotation.m */,
				17C0FCD817F9F04A00B0A233 /* TrainAnnotation.h */,
				17C0FCD917F9F04A00B0A233 /* TrainAnnotation.m */,
			);
			path = Annotations;
			sourceTree = "<group>";
		};
		17DF4B7317F890F8000F0B8A /* AnnotationViews */ = {
			isa = PBXGroup;
			children = (
				17DF4B7417F89141000F0B8A /* StationAnnotationView.h */,
				17DF4B7517F89141000F0B8A /* StationAnnotationView.m */,
			);
			path = AnnotationViews;
			sourceTree = "<group>";
		};
		17DF4B7717F89D51000F0B8A /* Schedule */ = {
			isa = PBXGroup;
			children = (
				17DF4B7817F89D74000F0B8A /* ScheduleViewController.h */,
				17DF4B7917F89D74000F0B8A /* ScheduleViewController.m */,
				17DF4B7A17F89D74000F0B8A /* ScheduleViewController.xib */,
			);
			path = Schedule;
			sourceTree = "<group>";
		};
		17E7F7F3181D2BD600C3455D /* TrainSchedule */ = {
			isa = PBXGroup;
			children = (
				17E7F7F4181D2C3A00C3455D /* TrainScheduleViewController.h */,
				17E7F7F5181D2C3A00C3455D /* TrainScheduleViewController.m */,
				17E7F7F6181D2C3A00C3455D /* TrainScheduleViewController.xib */,
			);
			path = TrainSchedule;
			sourceTree = "<group>";
		};
/* End PBXGroup section */

/* Begin PBXNativeTarget section */
		179A96B817F23DD6003FDC64 /* Lokomapa */ = {
			isa = PBXNativeTarget;
			buildConfigurationList = 179A96EE17F23DD7003FDC64 /* Build configuration list for PBXNativeTarget "Lokomapa" */;
			buildPhases = (
				AEC7DD76C7DF4A49917DE4BD /* Check Pods Manifest.lock */,
				179A96B517F23DD6003FDC64 /* Sources */,
				179A96B617F23DD6003FDC64 /* Frameworks */,
				179A96B717F23DD6003FDC64 /* Resources */,
				16AD553E8C9A42D9B189B1C5 /* Copy Pods Resources */,
			);
			buildRules = (
			);
			dependencies = (
			);
			name = Lokomapa;
			productName = Lokomapa;
			productReference = 179A96B917F23DD6003FDC64 /* Lokomapa.app */;
			productType = "com.apple.product-type.application";
		};
		179A96DC17F23DD7003FDC64 /* LokomapaTests */ = {
			isa = PBXNativeTarget;
			buildConfigurationList = 179A96F117F23DD7003FDC64 /* Build configuration list for PBXNativeTarget "LokomapaTests" */;
			buildPhases = (
				179A96D917F23DD7003FDC64 /* Sources */,
				179A96DA17F23DD7003FDC64 /* Frameworks */,
				179A96DB17F23DD7003FDC64 /* Resources */,
			);
			buildRules = (
			);
			dependencies = (
				179A96E317F23DD7003FDC64 /* PBXTargetDependency */,
			);
			name = LokomapaTests;
			productName = LokomapaTests;
			productReference = 179A96DD17F23DD7003FDC64 /* LokomapaTests.xctest */;
			productType = "com.apple.product-type.bundle.unit-test";
		};
/* End PBXNativeTarget section */

/* Begin PBXProject section */
		179A96B117F23DD6003FDC64 /* Project object */ = {
			isa = PBXProject;
			attributes = {
				LastUpgradeCheck = 0500;
				ORGANIZATIONNAME = ldomaradzki;
				TargetAttributes = {
					179A96DC17F23DD7003FDC64 = {
						TestTargetID = 179A96B817F23DD6003FDC64;
					};
				};
			};
			buildConfigurationList = 179A96B417F23DD6003FDC64 /* Build configuration list for PBXProject "Lokomapa" */;
			compatibilityVersion = "Xcode 3.2";
			developmentRegion = English;
			hasScannedForEncodings = 0;
			knownRegions = (
				en,
				Base,
				pl,
			);
			mainGroup = 179A96B017F23DD6003FDC64;
			productRefGroup = 179A96BA17F23DD6003FDC64 /* Products */;
			projectDirPath = "";
			projectRoot = "";
			targets = (
				179A96B817F23DD6003FDC64 /* Lokomapa */,
				179A96DC17F23DD7003FDC64 /* LokomapaTests */,
			);
		};
/* End PBXProject section */

/* Begin PBXResourcesBuildPhase section */
		179A96B717F23DD6003FDC64 /* Resources */ = {
			isa = PBXResourcesBuildPhase;
			buildActionMask = 2147483647;
			files = (
				17E7F7F8181D2C3A00C3455D /* TrainScheduleViewController.xib in Resources */,
				179A96FD17F23F3F003FDC64 /* MapViewController.xib in Resources */,
				17C0FCE017FC5BF500B0A233 /* TrainDetailsViewController.xib in Resources */,
				17CFB3181834038E003341BB /* SettingsViewController.xib in Resources */,
				1757471A1814ED80004E540E /* TestScheduleResponse.json in Resources */,
				179A96D817F23DD6003FDC64 /* Images.xcassets in Resources */,
				17DF4B7C17F89D74000F0B8A /* ScheduleViewController.xib in Resources */,
				17CFB31D18340C0F003341BB /* sitkol.jpg in Resources */,
				179A96FB17F23E8A003FDC64 /* MapViewController~ipad.xib in Resources */,
				1757471E1814EE5B004E540E /* TestTrainDetailResponse.json in Resources */,
				17D0054C186C9437000223A7 /* Localizable.strings in Resources */,
				175747181814E865004E540E /* TestStationResponse.json in Resources */,
				179A96C717F23DD6003FDC64 /* InfoPlist.strings in Resources */,
				1720366A17FF3AB800463419 /* TrainStopDetailsCell.xib in Resources */,
				1757471C1814EDD3004E540E /* TestTrainResponse.json in Resources */,
			);
			runOnlyForDeploymentPostprocessing = 0;
		};
		179A96DB17F23DD7003FDC64 /* Resources */ = {
			isa = PBXResourcesBuildPhase;
			buildActionMask = 2147483647;
			files = (
				179A96E917F23DD7003FDC64 /* InfoPlist.strings in Resources */,
			);
			runOnlyForDeploymentPostprocessing = 0;
		};
/* End PBXResourcesBuildPhase section */

/* Begin PBXShellScriptBuildPhase section */
		16AD553E8C9A42D9B189B1C5 /* Copy Pods Resources */ = {
			isa = PBXShellScriptBuildPhase;
			buildActionMask = 2147483647;
			files = (
			);
			inputPaths = (
			);
			name = "Copy Pods Resources";
			outputPaths = (
			);
			runOnlyForDeploymentPostprocessing = 0;
			shellPath = /bin/sh;
			shellScript = "\"${SRCROOT}/Pods/Pods-resources.sh\"\n";
			showEnvVarsInLog = 0;
		};
		AEC7DD76C7DF4A49917DE4BD /* Check Pods Manifest.lock */ = {
			isa = PBXShellScriptBuildPhase;
			buildActionMask = 2147483647;
			files = (
			);
			inputPaths = (
			);
			name = "Check Pods Manifest.lock";
			outputPaths = (
			);
			runOnlyForDeploymentPostprocessing = 0;
			shellPath = /bin/sh;
			shellScript = "diff \"${PODS_ROOT}/../Podfile.lock\" \"${PODS_ROOT}/Manifest.lock\" > /dev/null\nif [[ $? != 0 ]] ; then\n    cat << EOM\nerror: The sandbox is not in sync with the Podfile.lock. Run 'pod install' or update your CocoaPods installation.\nEOM\n    exit 1\nfi\n";
			showEnvVarsInLog = 0;
		};
/* End PBXShellScriptBuildPhase section */

/* Begin PBXSourcesBuildPhase section */
		179A96B517F23DD6003FDC64 /* Sources */ = {
			isa = PBXSourcesBuildPhase;
			buildActionMask = 2147483647;
			files = (
				17C0FCDF17FC5BF500B0A233 /* TrainDetailsViewController.m in Sources */,
				1720366817FF3A8C00463419 /* TrainStopDetailsCell.m in Sources */,
				17DF4B7217F881EE000F0B8A /* StationAnnotation.m in Sources */,
				17C0FCDA17F9F04A00B0A233 /* TrainAnnotation.m in Sources */,
				179410AA17F708B300FD35BE /* Schedule.m in Sources */,
				1720367318003C5E00463419 /* NSDate+Utils.m in Sources */,
				17C0FCD717F9E92600B0A233 /* SitkolCoords.m in Sources */,
				17CFB3171834038E003341BB /* SettingsViewController.m in Sources */,
				17DF4B7617F89141000F0B8A /* StationAnnotationView.m in Sources */,
				1720367618003CB900463419 /* NSString+Utils.m in Sources */,
				179A96CD17F23DD6003FDC64 /* AppDelegate.m in Sources */,
				17AC5F0817F6D1B9000A2DB1 /* Station.m in Sources */,
				175747211814EFEE004E540E /* NSJSONSerialization+Utils.m in Sources */,
				179A96C917F23DD6003FDC64 /* main.m in Sources */,
				179A96FA17F23E8A003FDC64 /* MapViewController.m in Sources */,
				17DF4B7B17F89D74000F0B8A /* ScheduleViewController.m in Sources */,
				17C0FCD317F9E71100B0A233 /* Train.m in Sources */,
				17AC5F0417F6D02D000A2DB1 /* SitkolAPIClient.m in Sources */,
				175747251815063D004E540E /* ZoomIndicatorView.m in Sources */,
				17E7F7F7181D2C3A00C3455D /* TrainScheduleViewController.m in Sources */,
			);
			runOnlyForDeploymentPostprocessing = 0;
		};
		179A96D917F23DD7003FDC64 /* Sources */ = {
			isa = PBXSourcesBuildPhase;
			buildActionMask = 2147483647;
			files = (
				179A96EB17F23DD7003FDC64 /* LokomapaTests.m in Sources */,
			);
			runOnlyForDeploymentPostprocessing = 0;
		};
/* End PBXSourcesBuildPhase section */

/* Begin PBXTargetDependency section */
		179A96E317F23DD7003FDC64 /* PBXTargetDependency */ = {
			isa = PBXTargetDependency;
			target = 179A96B817F23DD6003FDC64 /* Lokomapa */;
			targetProxy = 179A96E217F23DD7003FDC64 /* PBXContainerItemProxy */;
		};
/* End PBXTargetDependency section */

/* Begin PBXVariantGroup section */
		179A96C517F23DD6003FDC64 /* InfoPlist.strings */ = {
			isa = PBXVariantGroup;
			children = (
				179A96C617F23DD6003FDC64 /* en */,
			);
			name = InfoPlist.strings;
			sourceTree = "<group>";
		};
		179A96E717F23DD7003FDC64 /* InfoPlist.strings */ = {
			isa = PBXVariantGroup;
			children = (
				179A96E817F23DD7003FDC64 /* en */,
			);
			name = InfoPlist.strings;
			sourceTree = "<group>";
		};
		17D0054E186C9437000223A7 /* Localizable.strings */ = {
			isa = PBXVariantGroup;
			children = (
				17D00550186C95D2000223A7 /* pl */,
				17D00551186C9632000223A7 /* en */,
			);
			name = Localizable.strings;
			sourceTree = "<group>";
		};
/* End PBXVariantGroup section */

/* Begin XCBuildConfiguration section */
		179A96EC17F23DD7003FDC64 /* Debug */ = {
			isa = XCBuildConfiguration;
			buildSettings = {
				ALWAYS_SEARCH_USER_PATHS = NO;
				ARCHS = "$(ARCHS_STANDARD_INCLUDING_64_BIT)";
				CLANG_CXX_LANGUAGE_STANDARD = "gnu++0x";
				CLANG_CXX_LIBRARY = "libc++";
				CLANG_ENABLE_MODULES = YES;
				CLANG_ENABLE_OBJC_ARC = YES;
				CLANG_WARN_BOOL_CONVERSION = YES;
				CLANG_WARN_CONSTANT_CONVERSION = YES;
				CLANG_WARN_DIRECT_OBJC_ISA_USAGE = YES_ERROR;
				CLANG_WARN_EMPTY_BODY = YES;
				CLANG_WARN_ENUM_CONVERSION = YES;
				CLANG_WARN_INT_CONVERSION = YES;
				CLANG_WARN_OBJC_ROOT_CLASS = YES_ERROR;
				CLANG_WARN__DUPLICATE_METHOD_MATCH = YES;
				"CODE_SIGN_IDENTITY[sdk=iphoneos*]" = "iPhone Developer";
				COPY_PHASE_STRIP = NO;
				GCC_C_LANGUAGE_STANDARD = gnu99;
				GCC_DYNAMIC_NO_PIC = NO;
				GCC_OPTIMIZATION_LEVEL = 0;
				GCC_PREPROCESSOR_DEFINITIONS = (
					"DEBUG=1",
					"$(inherited)",
				);
				GCC_SYMBOLS_PRIVATE_EXTERN = NO;
				GCC_WARN_64_TO_32_BIT_CONVERSION = YES;
				GCC_WARN_ABOUT_RETURN_TYPE = YES_ERROR;
				GCC_WARN_UNDECLARED_SELECTOR = YES;
				GCC_WARN_UNINITIALIZED_AUTOS = YES;
				GCC_WARN_UNUSED_FUNCTION = YES;
				GCC_WARN_UNUSED_VARIABLE = YES;
				IPHONEOS_DEPLOYMENT_TARGET = 7.0;
				ONLY_ACTIVE_ARCH = YES;
				SDKROOT = iphoneos;
				TARGETED_DEVICE_FAMILY = "1,2";
			};
			name = Debug;
		};
		179A96ED17F23DD7003FDC64 /* Release */ = {
			isa = XCBuildConfiguration;
			buildSettings = {
				ALWAYS_SEARCH_USER_PATHS = NO;
				ARCHS = "$(ARCHS_STANDARD_INCLUDING_64_BIT)";
				CLANG_CXX_LANGUAGE_STANDARD = "gnu++0x";
				CLANG_CXX_LIBRARY = "libc++";
				CLANG_ENABLE_MODULES = YES;
				CLANG_ENABLE_OBJC_ARC = YES;
				CLANG_WARN_BOOL_CONVERSION = YES;
				CLANG_WARN_CONSTANT_CONVERSION = YES;
				CLANG_WARN_DIRECT_OBJC_ISA_USAGE = YES_ERROR;
				CLANG_WARN_EMPTY_BODY = YES;
				CLANG_WARN_ENUM_CONVERSION = YES;
				CLANG_WARN_INT_CONVERSION = YES;
				CLANG_WARN_OBJC_ROOT_CLASS = YES_ERROR;
				CLANG_WARN__DUPLICATE_METHOD_MATCH = YES;
				"CODE_SIGN_IDENTITY[sdk=iphoneos*]" = "iPhone Developer";
				COPY_PHASE_STRIP = YES;
				ENABLE_NS_ASSERTIONS = NO;
				GCC_C_LANGUAGE_STANDARD = gnu99;
				GCC_WARN_64_TO_32_BIT_CONVERSION = YES;
				GCC_WARN_ABOUT_RETURN_TYPE = YES_ERROR;
				GCC_WARN_UNDECLARED_SELECTOR = YES;
				GCC_WARN_UNINITIALIZED_AUTOS = YES;
				GCC_WARN_UNUSED_FUNCTION = YES;
				GCC_WARN_UNUSED_VARIABLE = YES;
				IPHONEOS_DEPLOYMENT_TARGET = 7.0;
				SDKROOT = iphoneos;
				TARGETED_DEVICE_FAMILY = "1,2";
				VALIDATE_PRODUCT = YES;
			};
			name = Release;
		};
		179A96EF17F23DD7003FDC64 /* Debug */ = {
			isa = XCBuildConfiguration;
			baseConfigurationReference = 290E48FB1F7047C7B9ABA920 /* Pods.xcconfig */;
			buildSettings = {
				ASSETCATALOG_COMPILER_APPICON_NAME = AppIcon;
				ASSETCATALOG_COMPILER_LAUNCHIMAGE_NAME = LaunchImage;
				CODE_SIGN_IDENTITY = "iPhone Developer: Lukasz Domaradzki (794YM4ZY95)";
				GCC_PRECOMPILE_PREFIX_HEADER = YES;
				GCC_PREFIX_HEADER = "Lokomapa/Lokomapa-Prefix.pch";
				INFOPLIST_FILE = "Lokomapa/Lokomapa-Info.plist";
				PRODUCT_NAME = "$(TARGET_NAME)";
				PROVISIONING_PROFILE = "CA6F65E6-B634-43D7-829E-862AD8080440";
				WRAPPER_EXTENSION = app;
			};
			name = Debug;
		};
		179A96F017F23DD7003FDC64 /* Release */ = {
			isa = XCBuildConfiguration;
			baseConfigurationReference = 290E48FB1F7047C7B9ABA920 /* Pods.xcconfig */;
			buildSettings = {
				ASSETCATALOG_COMPILER_APPICON_NAME = AppIcon;
				ASSETCATALOG_COMPILER_LAUNCHIMAGE_NAME = LaunchImage;
				CODE_SIGN_IDENTITY = "iPhone Developer: Lukasz Domaradzki (794YM4ZY95)";
				GCC_PRECOMPILE_PREFIX_HEADER = YES;
				GCC_PREFIX_HEADER = "Lokomapa/Lokomapa-Prefix.pch";
				INFOPLIST_FILE = "Lokomapa/Lokomapa-Info.plist";
				PRODUCT_NAME = "$(TARGET_NAME)";
				PROVISIONING_PROFILE = "CA6F65E6-B634-43D7-829E-862AD8080440";
				WRAPPER_EXTENSION = app;
			};
			name = Release;
		};
		179A96F217F23DD7003FDC64 /* Debug */ = {
			isa = XCBuildConfiguration;
			buildSettings = {
				ARCHS = "$(ARCHS_STANDARD_INCLUDING_64_BIT)";
				BUNDLE_LOADER = "$(BUILT_PRODUCTS_DIR)/Lokomapa.app/Lokomapa";
				FRAMEWORK_SEARCH_PATHS = (
					"$(SDKROOT)/Developer/Library/Frameworks",
					"$(inherited)",
					"$(DEVELOPER_FRAMEWORKS_DIR)",
				);
				GCC_PRECOMPILE_PREFIX_HEADER = YES;
				GCC_PREFIX_HEADER = "Lokomapa/Lokomapa-Prefix.pch";
				GCC_PREPROCESSOR_DEFINITIONS = (
					"DEBUG=1",
					"$(inherited)",
				);
				INFOPLIST_FILE = "LokomapaTests/LokomapaTests-Info.plist";
				PRODUCT_NAME = "$(TARGET_NAME)";
				TEST_HOST = "$(BUNDLE_LOADER)";
				WRAPPER_EXTENSION = xctest;
			};
			name = Debug;
		};
		179A96F317F23DD7003FDC64 /* Release */ = {
			isa = XCBuildConfiguration;
			buildSettings = {
				ARCHS = "$(ARCHS_STANDARD_INCLUDING_64_BIT)";
				BUNDLE_LOADER = "$(BUILT_PRODUCTS_DIR)/Lokomapa.app/Lokomapa";
				FRAMEWORK_SEARCH_PATHS = (
					"$(SDKROOT)/Developer/Library/Frameworks",
					"$(inherited)",
					"$(DEVELOPER_FRAMEWORKS_DIR)",
				);
				GCC_PRECOMPILE_PREFIX_HEADER = YES;
				GCC_PREFIX_HEADER = "Lokomapa/Lokomapa-Prefix.pch";
				INFOPLIST_FILE = "LokomapaTests/LokomapaTests-Info.plist";
				PRODUCT_NAME = "$(TARGET_NAME)";
				TEST_HOST = "$(BUNDLE_LOADER)";
				WRAPPER_EXTENSION = xctest;
			};
			name = Release;
		};
/* End XCBuildConfiguration section */

/* Begin XCConfigurationList section */
		179A96B417F23DD6003FDC64 /* Build configuration list for PBXProject "Lokomapa" */ = {
			isa = XCConfigurationList;
			buildConfigurations = (
				179A96EC17F23DD7003FDC64 /* Debug */,
				179A96ED17F23DD7003FDC64 /* Release */,
			);
			defaultConfigurationIsVisible = 0;
			defaultConfigurationName = Release;
		};
		179A96EE17F23DD7003FDC64 /* Build configuration list for PBXNativeTarget "Lokomapa" */ = {
			isa = XCConfigurationList;
			buildConfigurations = (
				179A96EF17F23DD7003FDC64 /* Debug */,
				179A96F017F23DD7003FDC64 /* Release */,
			);
			defaultConfigurationIsVisible = 0;
			defaultConfigurationName = Release;
		};
		179A96F117F23DD7003FDC64 /* Build configuration list for PBXNativeTarget "LokomapaTests" */ = {
			isa = XCConfigurationList;
			buildConfigurations = (
				179A96F217F23DD7003FDC64 /* Debug */,
				179A96F317F23DD7003FDC64 /* Release */,
			);
			defaultConfigurationIsVisible = 0;
			defaultConfigurationName = Release;
		};
/* End XCConfigurationList section */
	};
	rootObject = 179A96B117F23DD6003FDC64 /* Project object */;
}
